
Microsoft Visual Studio Solution File, Format Version 12.00
# Visual Studio Version 16
VisualStudioVersion = 16.0.28606.126
MinimumVisualStudioVersion = 10.0.40219.1
Project("{FAE04EC0-301F-11D3-BF4B-00C04F79EFBC}") = "WordSpellCheck", "WordSpellCheck\DLL\WordSpellCheck.csproj", "{40D9F0DB-1C62-4CFC-A412-796E753AA057}"
EndProject
Project("{FAE04EC0-301F-11D3-BF4B-00C04F79EFBC}") = "Haxor", "Haxor\DLL\Haxor.csproj", "{CF9B9BA5-4798-4C56-BF54-73CA4387BDC1}"
EndProject
Project("{FAE04EC0-301F-11D3-BF4B-00C04F79EFBC}") = "OpenSubtitlesUpload", "OpenSubtitlesUpload\DLL\OpenSubtitlesUpload.csproj", "{96468C8C-4E33-4931-8A9C-36D688319C44}"
EndProject
Project("{FAE04EC0-301F-11D3-BF4B-00C04F79EFBC}") = "LinesUnbreaker", "LinesUnbreaker\LinesUnbreaker.csproj", "{7B7C681E-960E-414F-B5EA-1B9BEBA71B09}"
EndProject
Project("{FAE04EC0-301F-11D3-BF4B-00C04F79EFBC}") = "HI2UC", "HI2UC\HI2UC.csproj", "{16B4BE52-050A-4161-B0E3-9B07AA5F650B}"
EndProject
Project("{FAE04EC0-301F-11D3-BF4B-00C04F79EFBC}") = "DialogueOneHyphen", "DialogueOneHyphen\DLL\DialogueOneHyphen.csproj", "{156A3B1C-12BB-42D4-B008-BD56A0181B75}"
EndProject
Project("{FAE04EC0-301F-11D3-BF4B-00C04F79EFBC}") = "OneDriveLoad", "SeSkydriveLoad\OneDriveLoad.csproj", "{83A18914-ACB3-4CE6-B9B2-1179839568E2}"
EndProject
Project("{FAE04EC0-301F-11D3-BF4B-00C04F79EFBC}") = "OneDriveSave", "SeSkydriveSave\OneDriveSave.csproj", "{CE839BB2-5F2A-4A00-A8A9-24BE511764FC}"
EndProject
Project("{2150E333-8FDC-42A3-9474-1A3956D46DE8}") = "Nikse", "Nikse", "{65E5C891-9AB9-48E1-8DC5-A490BC4EF2FC}"
EndProject
Project("{2150E333-8FDC-42A3-9474-1A3956D46DE8}") = "Ivandrofly", "Ivandrofly", "{21BBD88D-F935-419F-A68B-E8DA9F08E9C1}"
EndProject
Project("{FAE04EC0-301F-11D3-BF4B-00C04F79EFBC}") = "HIColorer", "HIColorer\HIColorer.csproj", "{705BE92D-37FF-4320-85FD-90133C009C8C}"
EndProject
Project("{FAE04EC0-301F-11D3-BF4B-00C04F79EFBC}") = "DialogueAutoMarker", "DialogueAutoMarker\DialogueAutoMarker.csproj", "{9E25EE45-E764-444F-9756-FE5479F4914D}"
EndProject
Project("{FAE04EC0-301F-11D3-BF4B-00C04F79EFBC}") = "DropBoxLoad", "DropBoxLoad\DropBoxLoad.csproj", "{AFCB5178-AB7E-49D8-8C5F-A7FF0C2663E6}"
EndProject
Project("{FAE04EC0-301F-11D3-BF4B-00C04F79EFBC}") = "DropBoxSave", "DropBoxSave\DropBoxSave.csproj", "{20B977D8-877F-4C84-A280-D6F4208AF0B9}"
EndProject
Project("{FAE04EC0-301F-11D3-BF4B-00C04F79EFBC}") = "CheckLineWidth", "CheckLineWidth\DLL\CheckLineWidth.csproj", "{432F9842-3508-440B-BF34-13B25337C2B1}"
EndProject
Project("{2150E333-8FDC-42A3-9474-1A3956D46DE8}") = "Solution Items", "Solution Items", "{F0EF5CDC-FD6D-4559-ACD0-138A14FADDFA}"
	ProjectSection(SolutionItems) = preProject
		Plugins4.xml = Plugins4.xml
	EndProjectSection
EndProject
Project("{FAE04EC0-301F-11D3-BF4B-00C04F79EFBC}") = "AmericanToBritish", "AmericanToBritish\DLL\AmericanToBritish.csproj", "{204B2CAC-F5D7-4C81-B592-6BD71C798125}"
EndProject
Project("{FAE04EC0-301F-11D3-BF4B-00C04F79EFBC}") = "MergeTwoSrtToAss", "MergeTwoSrtToAss\DLL\MergeTwoSrtToAss.csproj", "{B4ED58DA-3967-4FEA-999C-191621AF3E4A}"
EndProject
Project("{FAE04EC0-301F-11D3-BF4B-00C04F79EFBC}") = "NarratorOutParentheses", "NarratorOutParentheses\NarratorOutParentheses.csproj", "{A075780C-6BAB-4E78-9FB2-B477219DDD72}"
EndProject
Project("{FAE04EC0-301F-11D3-BF4B-00C04F79EFBC}") = "NameListManager", "NamesListManager\DLL\NameListManager.csproj", "{A43D5899-DF99-45F2-85A9-810C1533FEAB}"
EndProject
Project("{FAE04EC0-301F-11D3-BF4B-00C04F79EFBC}") = "GenericPluginTester", "GenericPluginTester\GenericPluginTester.csproj", "{BC0C7567-5755-4CCA-9A04-86C073354F89}"
EndProject
Project("{2150E333-8FDC-42A3-9474-1A3956D46DE8}") = "Tester", "Tester", "{576CCC62-1D98-49B1-8CAF-8A9AECF81F2F}"
EndProject
Project("{FAE04EC0-301F-11D3-BF4B-00C04F79EFBC}") = "RemoveUnicodeCharacters", "RemoveUnicodeCharacters\DLL\RemoveUnicodeCharacters.csproj", "{55D338C8-1AF9-4CCC-A5A8-CED14E3C3FF3}"
EndProject
Project("{FAE04EC0-301F-11D3-BF4B-00C04F79EFBC}") = "NetflixRulesCheck", "NetflixRulesCheck\DLL\NetflixRulesCheck.csproj", "{84163FEC-DC48-4EE6-9BB8-316F23E5131E}"
EndProject
Project("{FAE04EC0-301F-11D3-BF4B-00C04F79EFBC}") = "BaiduTranslate", "BaiduTranslate\DLL\BaiduTranslate.csproj", "{40433432-EA5C-42CE-B2C8-79DD2EC17162}"
EndProject
Project("{FAE04EC0-301F-11D3-BF4B-00C04F79EFBC}") = "OcrListManager", "OcrListManager\DLL\OcrListManager.csproj", "{0DFD7BD0-1FA4-4477-A907-B9A16F13DD34}"
EndProject
Project("{FAE04EC0-301F-11D3-BF4B-00C04F79EFBC}") = "DeeplTranslate", "DeeplTranslate\DLL\DeeplTranslate.csproj", "{98102D95-59EA-40C8-BEA4-96CA5A4F9079}"
EndProject
Project("{FAE04EC0-301F-11D3-BF4B-00C04F79EFBC}") = "WordCensor", "WordCensor\WordCensor.csproj", "{8500E79B-A64B-4FDF-924C-B959A93A5717}"
EndProject
Project("{D954291E-2A0B-460D-934E-DC6B0785DB48}") = "Plugin-Shared", "Plugin-Shared\Plugin-Shared.shproj", "{59AA41AA-6C3E-456F-8EC1-3C0C90E31811}"
EndProject
Project("{FAE04EC0-301F-11D3-BF4B-00C04F79EFBC}") = "Plugin-Updater", "Plugin-Updater\Plugin-Updater.csproj", "{59019475-D4A5-4F30-A73A-BAB4524E3B70}"
EndProject
Project("{FAE04EC0-301F-11D3-BF4B-00C04F79EFBC}") = "PapagoTranslate", "PapagoTranslate\DLL\PapagoTranslate.csproj", "{535E50EE-A58D-4A35-86E7-74540A4548E4}"
EndProject
Project("{FAE04EC0-301F-11D3-BF4B-00C04F79EFBC}") = "JackSE", "JackSE\JackSE.csproj", "{D678802E-5D3A-4DB0-94E9-104790D3044B}"
EndProject
Project("{FAE04EC0-301F-11D3-BF4B-00C04F79EFBC}") = "IspraviMe", "IspraviMeTranslate\DLL\IspraviMe.csproj", "{4DB30F73-5A8E-477E-9C18-A1DC59148DE5}"
EndProject
Project("{FAE04EC0-301F-11D3-BF4B-00C04F79EFBC}") = "YandexTranslate", "YandexTranslate\DLL\YandexTranslate.csproj", "{FE4B957C-F682-41A5-BBDC-BEA8CF9B4CFB}"
EndProject
Project("{FAE04EC0-301F-11D3-BF4B-00C04F79EFBC}") = "OnlineCasing", "OnlineCasing\OnlineCasing.csproj", "{52A7C014-3BE1-4C7A-90AA-E864CEFC63A0}"
EndProject
Project("{FAE04EC0-301F-11D3-BF4B-00C04F79EFBC}") = "ReversoTranslate", "ReversoTranslate\DLL\ReversoTranslate.csproj", "{635D332C-8A90-4634-B258-D31CFFC40F88}"
EndProject
Project("{FAE04EC0-301F-11D3-BF4B-00C04F79EFBC}") = "DeeplProTranslate", "DeeplProTranslate\DLL\DeeplProTranslate.csproj", "{FEF62028-9A0A-42EE-B13B-E19F9B73A5BD}"
EndProject
Project("{FAE04EC0-301F-11D3-BF4B-00C04F79EFBC}") = "GTScreenScraper", "GTScreenScraper\DLL\GTScreenScraper.csproj", "{BC28A13A-5CCD-4B4C-886D-0CD632BAA6A6}"
EndProject
Project("{FAE04EC0-301F-11D3-BF4B-00C04F79EFBC}") = "BTScreenScraper", "BTScreenScraper\DLL\BTScreenScraper.csproj", "{D4A06801-371C-4474-94EF-97824D61294E}"
EndProject
Project("{FAE04EC0-301F-11D3-BF4B-00C04F79EFBC}") = "CopyPasteTranslate", "CopyPasteTranslate\DLL\CopyPasteTranslate.csproj", "{8B75158E-A6DD-46BB-9030-BF84C80BF7CC}"
EndProject
Project("{FAE04EC0-301F-11D3-BF4B-00C04F79EFBC}") = "DictionariesProvider", "DictionariesProvider\DictionariesProvider.csproj", "{E9D300DD-F041-47A8-B395-CF6E35D7A4C2}"
EndProject
Project("{FAE04EC0-301F-11D3-BF4B-00C04F79EFBC}") = "TriggerOnLoad", "TriggerOnLoad\TriggerOnLoad.csproj", "{9443A623-77C2-499E-85D2-F7AA77DAAA00}"
EndProject
Project("{FAE04EC0-301F-11D3-BF4B-00C04F79EFBC}") = "DeepLScreenScraper", "DeepLScreenScraper\DLL\DeepLScreenScraper.csproj", "{D9C0B511-25EB-4009-A784-D52FB980CCF3}"
EndProject
Project("{FAE04EC0-301F-11D3-BF4B-00C04F79EFBC}") = "PromptTranslate", "PromptTranslate\DLL\PromptTranslate.csproj", "{181D2E8A-2B44-438F-BCBE-058A62751113}"
EndProject
Project("{FAE04EC0-301F-11D3-BF4B-00C04F79EFBC}") = "ExposeSEApi", "ExposeSEApi\ExposeSEApi.csproj", "{3937B2A4-5FDC-4071-BF63-4598488CD4DB}"
EndProject
Global
	GlobalSection(SharedMSBuildProjectFiles) = preSolution
		Plugin-Shared\Plugin-Shared.projitems*{16b4be52-050a-4161-b0e3-9b07aa5f650b}*SharedItemsImports = 4
		Plugin-Shared\Plugin-Shared.projitems*{52a7c014-3be1-4c7a-90aa-e864cefc63a0}*SharedItemsImports = 4
		Plugin-Shared\Plugin-Shared.projitems*{59aa41aa-6c3e-456f-8ec1-3c0c90e31811}*SharedItemsImports = 13
		Plugin-Shared\Plugin-Shared.projitems*{705be92d-37ff-4320-85fd-90133c009c8c}*SharedItemsImports = 4
		Plugin-Shared\Plugin-Shared.projitems*{7b7c681e-960e-414f-b5ea-1b9beba71b09}*SharedItemsImports = 4
		Plugin-Shared\Plugin-Shared.projitems*{8500e79b-a64b-4fdf-924c-b959a93a5717}*SharedItemsImports = 4
		Plugin-Shared\Plugin-Shared.projitems*{9443a623-77c2-499e-85d2-f7aa77daaa00}*SharedItemsImports = 4
		Plugin-Shared\Plugin-Shared.projitems*{9e25ee45-e764-444f-9756-fe5479f4914d}*SharedItemsImports = 4
		Plugin-Shared\Plugin-Shared.projitems*{a075780c-6bab-4e78-9fb2-b477219ddd72}*SharedItemsImports = 4
		Plugin-Shared\Plugin-Shared.projitems*{d678802e-5d3a-4db0-94e9-104790d3044b}*SharedItemsImports = 4
		Plugin-Shared\Plugin-Shared.projitems*{e9d300dd-f041-47a8-b395-cf6e35d7a4c2}*SharedItemsImports = 4
	EndGlobalSection
	GlobalSection(SolutionConfigurationPlatforms) = preSolution
		Debug|Any CPU = Debug|Any CPU
		Release|Any CPU = Release|Any CPU
	EndGlobalSection
	GlobalSection(ProjectConfigurationPlatforms) = postSolution
		{40D9F0DB-1C62-4CFC-A412-796E753AA057}.Debug|Any CPU.ActiveCfg = Debug|Any CPU
		{40D9F0DB-1C62-4CFC-A412-796E753AA057}.Debug|Any CPU.Build.0 = Debug|Any CPU
		{40D9F0DB-1C62-4CFC-A412-796E753AA057}.Release|Any CPU.ActiveCfg = Release|Any CPU
		{40D9F0DB-1C62-4CFC-A412-796E753AA057}.Release|Any CPU.Build.0 = Release|Any CPU
		{CF9B9BA5-4798-4C56-BF54-73CA4387BDC1}.Debug|Any CPU.ActiveCfg = Debug|Any CPU
		{CF9B9BA5-4798-4C56-BF54-73CA4387BDC1}.Debug|Any CPU.Build.0 = Debug|Any CPU
		{CF9B9BA5-4798-4C56-BF54-73CA4387BDC1}.Release|Any CPU.ActiveCfg = Release|Any CPU
		{CF9B9BA5-4798-4C56-BF54-73CA4387BDC1}.Release|Any CPU.Build.0 = Release|Any CPU
		{96468C8C-4E33-4931-8A9C-36D688319C44}.Debug|Any CPU.ActiveCfg = Debug|Any CPU
		{96468C8C-4E33-4931-8A9C-36D688319C44}.Debug|Any CPU.Build.0 = Debug|Any CPU
		{96468C8C-4E33-4931-8A9C-36D688319C44}.Release|Any CPU.ActiveCfg = Release|Any CPU
		{96468C8C-4E33-4931-8A9C-36D688319C44}.Release|Any CPU.Build.0 = Release|Any CPU
		{7B7C681E-960E-414F-B5EA-1B9BEBA71B09}.Debug|Any CPU.ActiveCfg = Debug|Any CPU
		{7B7C681E-960E-414F-B5EA-1B9BEBA71B09}.Debug|Any CPU.Build.0 = Debug|Any CPU
		{7B7C681E-960E-414F-B5EA-1B9BEBA71B09}.Release|Any CPU.ActiveCfg = Release|Any CPU
		{7B7C681E-960E-414F-B5EA-1B9BEBA71B09}.Release|Any CPU.Build.0 = Release|Any CPU
		{16B4BE52-050A-4161-B0E3-9B07AA5F650B}.Debug|Any CPU.ActiveCfg = Debug|Any CPU
		{16B4BE52-050A-4161-B0E3-9B07AA5F650B}.Debug|Any CPU.Build.0 = Debug|Any CPU
		{16B4BE52-050A-4161-B0E3-9B07AA5F650B}.Debug|Any CPU.Deploy.0 = Debug|Any CPU
		{16B4BE52-050A-4161-B0E3-9B07AA5F650B}.Release|Any CPU.ActiveCfg = Release|Any CPU
		{16B4BE52-050A-4161-B0E3-9B07AA5F650B}.Release|Any CPU.Build.0 = Release|Any CPU
		{156A3B1C-12BB-42D4-B008-BD56A0181B75}.Debug|Any CPU.ActiveCfg = Debug|Any CPU
		{156A3B1C-12BB-42D4-B008-BD56A0181B75}.Debug|Any CPU.Build.0 = Debug|Any CPU
		{156A3B1C-12BB-42D4-B008-BD56A0181B75}.Release|Any CPU.ActiveCfg = Release|Any CPU
		{156A3B1C-12BB-42D4-B008-BD56A0181B75}.Release|Any CPU.Build.0 = Release|Any CPU
		{83A18914-ACB3-4CE6-B9B2-1179839568E2}.Debug|Any CPU.ActiveCfg = Debug|Any CPU
		{83A18914-ACB3-4CE6-B9B2-1179839568E2}.Release|Any CPU.ActiveCfg = Release|Any CPU
		{CE839BB2-5F2A-4A00-A8A9-24BE511764FC}.Debug|Any CPU.ActiveCfg = Debug|Any CPU
		{CE839BB2-5F2A-4A00-A8A9-24BE511764FC}.Debug|Any CPU.Build.0 = Debug|Any CPU
		{CE839BB2-5F2A-4A00-A8A9-24BE511764FC}.Release|Any CPU.ActiveCfg = Release|Any CPU
		{CE839BB2-5F2A-4A00-A8A9-24BE511764FC}.Release|Any CPU.Build.0 = Release|Any CPU
		{705BE92D-37FF-4320-85FD-90133C009C8C}.Debug|Any CPU.ActiveCfg = Debug|Any CPU
		{705BE92D-37FF-4320-85FD-90133C009C8C}.Debug|Any CPU.Build.0 = Debug|Any CPU
		{705BE92D-37FF-4320-85FD-90133C009C8C}.Release|Any CPU.ActiveCfg = Release|Any CPU
		{705BE92D-37FF-4320-85FD-90133C009C8C}.Release|Any CPU.Build.0 = Release|Any CPU
		{9E25EE45-E764-444F-9756-FE5479F4914D}.Debug|Any CPU.ActiveCfg = Debug|Any CPU
		{9E25EE45-E764-444F-9756-FE5479F4914D}.Debug|Any CPU.Build.0 = Debug|Any CPU
		{9E25EE45-E764-444F-9756-FE5479F4914D}.Release|Any CPU.ActiveCfg = Release|Any CPU
		{9E25EE45-E764-444F-9756-FE5479F4914D}.Release|Any CPU.Build.0 = Release|Any CPU
		{AFCB5178-AB7E-49D8-8C5F-A7FF0C2663E6}.Debug|Any CPU.ActiveCfg = Debug|Any CPU
		{AFCB5178-AB7E-49D8-8C5F-A7FF0C2663E6}.Debug|Any CPU.Build.0 = Debug|Any CPU
		{AFCB5178-AB7E-49D8-8C5F-A7FF0C2663E6}.Release|Any CPU.ActiveCfg = Release|Any CPU
		{AFCB5178-AB7E-49D8-8C5F-A7FF0C2663E6}.Release|Any CPU.Build.0 = Release|Any CPU
		{20B977D8-877F-4C84-A280-D6F4208AF0B9}.Debug|Any CPU.ActiveCfg = Debug|Any CPU
		{20B977D8-877F-4C84-A280-D6F4208AF0B9}.Debug|Any CPU.Build.0 = Debug|Any CPU
		{20B977D8-877F-4C84-A280-D6F4208AF0B9}.Release|Any CPU.ActiveCfg = Release|Any CPU
		{20B977D8-877F-4C84-A280-D6F4208AF0B9}.Release|Any CPU.Build.0 = Release|Any CPU
		{432F9842-3508-440B-BF34-13B25337C2B1}.Debug|Any CPU.ActiveCfg = Debug|Any CPU
		{432F9842-3508-440B-BF34-13B25337C2B1}.Debug|Any CPU.Build.0 = Debug|Any CPU
		{432F9842-3508-440B-BF34-13B25337C2B1}.Release|Any CPU.ActiveCfg = Release|Any CPU
		{432F9842-3508-440B-BF34-13B25337C2B1}.Release|Any CPU.Build.0 = Release|Any CPU
		{204B2CAC-F5D7-4C81-B592-6BD71C798125}.Debug|Any CPU.ActiveCfg = Debug|Any CPU
		{204B2CAC-F5D7-4C81-B592-6BD71C798125}.Debug|Any CPU.Build.0 = Debug|Any CPU
		{204B2CAC-F5D7-4C81-B592-6BD71C798125}.Release|Any CPU.ActiveCfg = Release|Any CPU
		{204B2CAC-F5D7-4C81-B592-6BD71C798125}.Release|Any CPU.Build.0 = Release|Any CPU
		{B4ED58DA-3967-4FEA-999C-191621AF3E4A}.Debug|Any CPU.ActiveCfg = Debug|Any CPU
		{B4ED58DA-3967-4FEA-999C-191621AF3E4A}.Debug|Any CPU.Build.0 = Debug|Any CPU
		{B4ED58DA-3967-4FEA-999C-191621AF3E4A}.Release|Any CPU.ActiveCfg = Release|Any CPU
		{B4ED58DA-3967-4FEA-999C-191621AF3E4A}.Release|Any CPU.Build.0 = Release|Any CPU
		{A075780C-6BAB-4E78-9FB2-B477219DDD72}.Debug|Any CPU.ActiveCfg = Debug|Any CPU
		{A075780C-6BAB-4E78-9FB2-B477219DDD72}.Debug|Any CPU.Build.0 = Debug|Any CPU
		{A075780C-6BAB-4E78-9FB2-B477219DDD72}.Release|Any CPU.ActiveCfg = Release|Any CPU
		{A075780C-6BAB-4E78-9FB2-B477219DDD72}.Release|Any CPU.Build.0 = Release|Any CPU
		{A43D5899-DF99-45F2-85A9-810C1533FEAB}.Debug|Any CPU.ActiveCfg = Debug|Any CPU
		{A43D5899-DF99-45F2-85A9-810C1533FEAB}.Debug|Any CPU.Build.0 = Debug|Any CPU
		{A43D5899-DF99-45F2-85A9-810C1533FEAB}.Release|Any CPU.ActiveCfg = Release|Any CPU
		{A43D5899-DF99-45F2-85A9-810C1533FEAB}.Release|Any CPU.Build.0 = Release|Any CPU
		{BC0C7567-5755-4CCA-9A04-86C073354F89}.Debug|Any CPU.ActiveCfg = Debug|Any CPU
		{BC0C7567-5755-4CCA-9A04-86C073354F89}.Debug|Any CPU.Build.0 = Debug|Any CPU
		{BC0C7567-5755-4CCA-9A04-86C073354F89}.Release|Any CPU.ActiveCfg = Release|Any CPU
		{BC0C7567-5755-4CCA-9A04-86C073354F89}.Release|Any CPU.Build.0 = Release|Any CPU
		{55D338C8-1AF9-4CCC-A5A8-CED14E3C3FF3}.Debug|Any CPU.ActiveCfg = Debug|Any CPU
		{55D338C8-1AF9-4CCC-A5A8-CED14E3C3FF3}.Debug|Any CPU.Build.0 = Debug|Any CPU
		{55D338C8-1AF9-4CCC-A5A8-CED14E3C3FF3}.Release|Any CPU.ActiveCfg = Release|Any CPU
		{55D338C8-1AF9-4CCC-A5A8-CED14E3C3FF3}.Release|Any CPU.Build.0 = Release|Any CPU
		{84163FEC-DC48-4EE6-9BB8-316F23E5131E}.Debug|Any CPU.ActiveCfg = Debug|Any CPU
		{84163FEC-DC48-4EE6-9BB8-316F23E5131E}.Debug|Any CPU.Build.0 = Debug|Any CPU
		{84163FEC-DC48-4EE6-9BB8-316F23E5131E}.Release|Any CPU.ActiveCfg = Release|Any CPU
		{84163FEC-DC48-4EE6-9BB8-316F23E5131E}.Release|Any CPU.Build.0 = Release|Any CPU
		{40433432-EA5C-42CE-B2C8-79DD2EC17162}.Debug|Any CPU.ActiveCfg = Debug|Any CPU
		{40433432-EA5C-42CE-B2C8-79DD2EC17162}.Debug|Any CPU.Build.0 = Debug|Any CPU
		{40433432-EA5C-42CE-B2C8-79DD2EC17162}.Release|Any CPU.ActiveCfg = Release|Any CPU
		{40433432-EA5C-42CE-B2C8-79DD2EC17162}.Release|Any CPU.Build.0 = Release|Any CPU
		{0DFD7BD0-1FA4-4477-A907-B9A16F13DD34}.Debug|Any CPU.ActiveCfg = Debug|Any CPU
		{0DFD7BD0-1FA4-4477-A907-B9A16F13DD34}.Debug|Any CPU.Build.0 = Debug|Any CPU
		{0DFD7BD0-1FA4-4477-A907-B9A16F13DD34}.Release|Any CPU.ActiveCfg = Release|Any CPU
		{0DFD7BD0-1FA4-4477-A907-B9A16F13DD34}.Release|Any CPU.Build.0 = Release|Any CPU
		{98102D95-59EA-40C8-BEA4-96CA5A4F9079}.Debug|Any CPU.ActiveCfg = Debug|Any CPU
		{98102D95-59EA-40C8-BEA4-96CA5A4F9079}.Debug|Any CPU.Build.0 = Debug|Any CPU
		{98102D95-59EA-40C8-BEA4-96CA5A4F9079}.Release|Any CPU.ActiveCfg = Release|Any CPU
		{98102D95-59EA-40C8-BEA4-96CA5A4F9079}.Release|Any CPU.Build.0 = Release|Any CPU
		{8500E79B-A64B-4FDF-924C-B959A93A5717}.Debug|Any CPU.ActiveCfg = Debug|Any CPU
		{8500E79B-A64B-4FDF-924C-B959A93A5717}.Debug|Any CPU.Build.0 = Debug|Any CPU
		{8500E79B-A64B-4FDF-924C-B959A93A5717}.Release|Any CPU.ActiveCfg = Release|Any CPU
		{8500E79B-A64B-4FDF-924C-B959A93A5717}.Release|Any CPU.Build.0 = Release|Any CPU
		{59019475-D4A5-4F30-A73A-BAB4524E3B70}.Debug|Any CPU.ActiveCfg = Debug|Any CPU
		{59019475-D4A5-4F30-A73A-BAB4524E3B70}.Debug|Any CPU.Build.0 = Debug|Any CPU
		{59019475-D4A5-4F30-A73A-BAB4524E3B70}.Release|Any CPU.ActiveCfg = Release|Any CPU
		{59019475-D4A5-4F30-A73A-BAB4524E3B70}.Release|Any CPU.Build.0 = Release|Any CPU
		{535E50EE-A58D-4A35-86E7-74540A4548E4}.Debug|Any CPU.ActiveCfg = Debug|Any CPU
		{535E50EE-A58D-4A35-86E7-74540A4548E4}.Debug|Any CPU.Build.0 = Debug|Any CPU
		{535E50EE-A58D-4A35-86E7-74540A4548E4}.Release|Any CPU.ActiveCfg = Release|Any CPU
		{535E50EE-A58D-4A35-86E7-74540A4548E4}.Release|Any CPU.Build.0 = Release|Any CPU
		{D678802E-5D3A-4DB0-94E9-104790D3044B}.Debug|Any CPU.ActiveCfg = Debug|Any CPU
		{D678802E-5D3A-4DB0-94E9-104790D3044B}.Debug|Any CPU.Build.0 = Debug|Any CPU
		{D678802E-5D3A-4DB0-94E9-104790D3044B}.Release|Any CPU.ActiveCfg = Release|Any CPU
		{D678802E-5D3A-4DB0-94E9-104790D3044B}.Release|Any CPU.Build.0 = Release|Any CPU
		{4DB30F73-5A8E-477E-9C18-A1DC59148DE5}.Debug|Any CPU.ActiveCfg = Debug|Any CPU
		{4DB30F73-5A8E-477E-9C18-A1DC59148DE5}.Debug|Any CPU.Build.0 = Debug|Any CPU
		{4DB30F73-5A8E-477E-9C18-A1DC59148DE5}.Release|Any CPU.ActiveCfg = Release|Any CPU
		{4DB30F73-5A8E-477E-9C18-A1DC59148DE5}.Release|Any CPU.Build.0 = Release|Any CPU
		{FE4B957C-F682-41A5-BBDC-BEA8CF9B4CFB}.Debug|Any CPU.ActiveCfg = Debug|Any CPU
		{FE4B957C-F682-41A5-BBDC-BEA8CF9B4CFB}.Debug|Any CPU.Build.0 = Debug|Any CPU
		{FE4B957C-F682-41A5-BBDC-BEA8CF9B4CFB}.Release|Any CPU.ActiveCfg = Release|Any CPU
		{FE4B957C-F682-41A5-BBDC-BEA8CF9B4CFB}.Release|Any CPU.Build.0 = Release|Any CPU
		{52A7C014-3BE1-4C7A-90AA-E864CEFC63A0}.Debug|Any CPU.ActiveCfg = Debug|Any CPU
		{52A7C014-3BE1-4C7A-90AA-E864CEFC63A0}.Debug|Any CPU.Build.0 = Debug|Any CPU
		{52A7C014-3BE1-4C7A-90AA-E864CEFC63A0}.Release|Any CPU.ActiveCfg = Release|Any CPU
		{52A7C014-3BE1-4C7A-90AA-E864CEFC63A0}.Release|Any CPU.Build.0 = Release|Any CPU
		{635D332C-8A90-4634-B258-D31CFFC40F88}.Debug|Any CPU.ActiveCfg = Debug|Any CPU
		{635D332C-8A90-4634-B258-D31CFFC40F88}.Debug|Any CPU.Build.0 = Debug|Any CPU
		{635D332C-8A90-4634-B258-D31CFFC40F88}.Release|Any CPU.ActiveCfg = Release|Any CPU
		{635D332C-8A90-4634-B258-D31CFFC40F88}.Release|Any CPU.Build.0 = Release|Any CPU
		{FEF62028-9A0A-42EE-B13B-E19F9B73A5BD}.Debug|Any CPU.ActiveCfg = Debug|Any CPU
		{FEF62028-9A0A-42EE-B13B-E19F9B73A5BD}.Debug|Any CPU.Build.0 = Debug|Any CPU
		{FEF62028-9A0A-42EE-B13B-E19F9B73A5BD}.Release|Any CPU.ActiveCfg = Release|Any CPU
		{FEF62028-9A0A-42EE-B13B-E19F9B73A5BD}.Release|Any CPU.Build.0 = Release|Any CPU
		{BC28A13A-5CCD-4B4C-886D-0CD632BAA6A6}.Debug|Any CPU.ActiveCfg = Debug|Any CPU
		{BC28A13A-5CCD-4B4C-886D-0CD632BAA6A6}.Debug|Any CPU.Build.0 = Debug|Any CPU
		{BC28A13A-5CCD-4B4C-886D-0CD632BAA6A6}.Release|Any CPU.ActiveCfg = Release|Any CPU
		{BC28A13A-5CCD-4B4C-886D-0CD632BAA6A6}.Release|Any CPU.Build.0 = Release|Any CPU
		{D4A06801-371C-4474-94EF-97824D61294E}.Debug|Any CPU.ActiveCfg = Debug|Any CPU
		{D4A06801-371C-4474-94EF-97824D61294E}.Debug|Any CPU.Build.0 = Debug|Any CPU
		{D4A06801-371C-4474-94EF-97824D61294E}.Release|Any CPU.ActiveCfg = Release|Any CPU
		{D4A06801-371C-4474-94EF-97824D61294E}.Release|Any CPU.Build.0 = Release|Any CPU
		{8B75158E-A6DD-46BB-9030-BF84C80BF7CC}.Debug|Any CPU.ActiveCfg = Debug|Any CPU
		{8B75158E-A6DD-46BB-9030-BF84C80BF7CC}.Debug|Any CPU.Build.0 = Debug|Any CPU
		{8B75158E-A6DD-46BB-9030-BF84C80BF7CC}.Release|Any CPU.ActiveCfg = Release|Any CPU
		{8B75158E-A6DD-46BB-9030-BF84C80BF7CC}.Release|Any CPU.Build.0 = Release|Any CPU
		{E9D300DD-F041-47A8-B395-CF6E35D7A4C2}.Debug|Any CPU.ActiveCfg = Debug|Any CPU
		{E9D300DD-F041-47A8-B395-CF6E35D7A4C2}.Debug|Any CPU.Build.0 = Debug|Any CPU
		{E9D300DD-F041-47A8-B395-CF6E35D7A4C2}.Release|Any CPU.ActiveCfg = Release|Any CPU
		{E9D300DD-F041-47A8-B395-CF6E35D7A4C2}.Release|Any CPU.Build.0 = Release|Any CPU
		{9443A623-77C2-499E-85D2-F7AA77DAAA00}.Debug|Any CPU.ActiveCfg = Debug|Any CPU
		{9443A623-77C2-499E-85D2-F7AA77DAAA00}.Debug|Any CPU.Build.0 = Debug|Any CPU
		{9443A623-77C2-499E-85D2-F7AA77DAAA00}.Release|Any CPU.ActiveCfg = Release|Any CPU
		{9443A623-77C2-499E-85D2-F7AA77DAAA00}.Release|Any CPU.Build.0 = Release|Any CPU
		{D9C0B511-25EB-4009-A784-D52FB980CCF3}.Debug|Any CPU.ActiveCfg = Debug|Any CPU
		{D9C0B511-25EB-4009-A784-D52FB980CCF3}.Debug|Any CPU.Build.0 = Debug|Any CPU
		{D9C0B511-25EB-4009-A784-D52FB980CCF3}.Release|Any CPU.ActiveCfg = Release|Any CPU
		{D9C0B511-25EB-4009-A784-D52FB980CCF3}.Release|Any CPU.Build.0 = Release|Any CPU
		{181D2E8A-2B44-438F-BCBE-058A62751113}.Debug|Any CPU.ActiveCfg = Debug|Any CPU
		{181D2E8A-2B44-438F-BCBE-058A62751113}.Debug|Any CPU.Build.0 = Debug|Any CPU
		{181D2E8A-2B44-438F-BCBE-058A62751113}.Release|Any CPU.ActiveCfg = Release|Any CPU
		{181D2E8A-2B44-438F-BCBE-058A62751113}.Release|Any CPU.Build.0 = Release|Any CPU
		{3937B2A4-5FDC-4071-BF63-4598488CD4DB}.Debug|Any CPU.ActiveCfg = Debug|Any CPU
		{3937B2A4-5FDC-4071-BF63-4598488CD4DB}.Debug|Any CPU.Build.0 = Debug|Any CPU
		{3937B2A4-5FDC-4071-BF63-4598488CD4DB}.Release|Any CPU.ActiveCfg = Release|Any CPU
		{3937B2A4-5FDC-4071-BF63-4598488CD4DB}.Release|Any CPU.Build.0 = Release|Any CPU
	EndGlobalSection
	GlobalSection(SolutionProperties) = preSolution
		HideSolutionNode = FALSE
	EndGlobalSection
	GlobalSection(NestedProjects) = preSolution
		{40D9F0DB-1C62-4CFC-A412-796E753AA057} = {65E5C891-9AB9-48E1-8DC5-A490BC4EF2FC}
		{CF9B9BA5-4798-4C56-BF54-73CA4387BDC1} = {65E5C891-9AB9-48E1-8DC5-A490BC4EF2FC}
		{96468C8C-4E33-4931-8A9C-36D688319C44} = {65E5C891-9AB9-48E1-8DC5-A490BC4EF2FC}
		{7B7C681E-960E-414F-B5EA-1B9BEBA71B09} = {21BBD88D-F935-419F-A68B-E8DA9F08E9C1}
		{16B4BE52-050A-4161-B0E3-9B07AA5F650B} = {21BBD88D-F935-419F-A68B-E8DA9F08E9C1}
		{156A3B1C-12BB-42D4-B008-BD56A0181B75} = {65E5C891-9AB9-48E1-8DC5-A490BC4EF2FC}
		{83A18914-ACB3-4CE6-B9B2-1179839568E2} = {65E5C891-9AB9-48E1-8DC5-A490BC4EF2FC}
		{CE839BB2-5F2A-4A00-A8A9-24BE511764FC} = {65E5C891-9AB9-48E1-8DC5-A490BC4EF2FC}
		{705BE92D-37FF-4320-85FD-90133C009C8C} = {21BBD88D-F935-419F-A68B-E8DA9F08E9C1}
		{9E25EE45-E764-444F-9756-FE5479F4914D} = {21BBD88D-F935-419F-A68B-E8DA9F08E9C1}
		{AFCB5178-AB7E-49D8-8C5F-A7FF0C2663E6} = {65E5C891-9AB9-48E1-8DC5-A490BC4EF2FC}
		{20B977D8-877F-4C84-A280-D6F4208AF0B9} = {65E5C891-9AB9-48E1-8DC5-A490BC4EF2FC}
		{432F9842-3508-440B-BF34-13B25337C2B1} = {65E5C891-9AB9-48E1-8DC5-A490BC4EF2FC}
		{204B2CAC-F5D7-4C81-B592-6BD71C798125} = {65E5C891-9AB9-48E1-8DC5-A490BC4EF2FC}
		{B4ED58DA-3967-4FEA-999C-191621AF3E4A} = {65E5C891-9AB9-48E1-8DC5-A490BC4EF2FC}
		{A075780C-6BAB-4E78-9FB2-B477219DDD72} = {21BBD88D-F935-419F-A68B-E8DA9F08E9C1}
		{A43D5899-DF99-45F2-85A9-810C1533FEAB} = {65E5C891-9AB9-48E1-8DC5-A490BC4EF2FC}
		{BC0C7567-5755-4CCA-9A04-86C073354F89} = {576CCC62-1D98-49B1-8CAF-8A9AECF81F2F}
		{55D338C8-1AF9-4CCC-A5A8-CED14E3C3FF3} = {65E5C891-9AB9-48E1-8DC5-A490BC4EF2FC}
		{84163FEC-DC48-4EE6-9BB8-316F23E5131E} = {65E5C891-9AB9-48E1-8DC5-A490BC4EF2FC}
		{40433432-EA5C-42CE-B2C8-79DD2EC17162} = {65E5C891-9AB9-48E1-8DC5-A490BC4EF2FC}
		{0DFD7BD0-1FA4-4477-A907-B9A16F13DD34} = {65E5C891-9AB9-48E1-8DC5-A490BC4EF2FC}
		{98102D95-59EA-40C8-BEA4-96CA5A4F9079} = {65E5C891-9AB9-48E1-8DC5-A490BC4EF2FC}
		{8500E79B-A64B-4FDF-924C-B959A93A5717} = {21BBD88D-F935-419F-A68B-E8DA9F08E9C1}
		{59AA41AA-6C3E-456F-8EC1-3C0C90E31811} = {21BBD88D-F935-419F-A68B-E8DA9F08E9C1}
		{535E50EE-A58D-4A35-86E7-74540A4548E4} = {65E5C891-9AB9-48E1-8DC5-A490BC4EF2FC}
		{D678802E-5D3A-4DB0-94E9-104790D3044B} = {21BBD88D-F935-419F-A68B-E8DA9F08E9C1}
		{4DB30F73-5A8E-477E-9C18-A1DC59148DE5} = {65E5C891-9AB9-48E1-8DC5-A490BC4EF2FC}
		{FE4B957C-F682-41A5-BBDC-BEA8CF9B4CFB} = {65E5C891-9AB9-48E1-8DC5-A490BC4EF2FC}
		{52A7C014-3BE1-4C7A-90AA-E864CEFC63A0} = {21BBD88D-F935-419F-A68B-E8DA9F08E9C1}
		{635D332C-8A90-4634-B258-D31CFFC40F88} = {65E5C891-9AB9-48E1-8DC5-A490BC4EF2FC}
		{FEF62028-9A0A-42EE-B13B-E19F9B73A5BD} = {65E5C891-9AB9-48E1-8DC5-A490BC4EF2FC}
		{BC28A13A-5CCD-4B4C-886D-0CD632BAA6A6} = {65E5C891-9AB9-48E1-8DC5-A490BC4EF2FC}
		{D4A06801-371C-4474-94EF-97824D61294E} = {65E5C891-9AB9-48E1-8DC5-A490BC4EF2FC}
		{8B75158E-A6DD-46BB-9030-BF84C80BF7CC} = {65E5C891-9AB9-48E1-8DC5-A490BC4EF2FC}
		{E9D300DD-F041-47A8-B395-CF6E35D7A4C2} = {21BBD88D-F935-419F-A68B-E8DA9F08E9C1}
		{9443A623-77C2-499E-85D2-F7AA77DAAA00} = {21BBD88D-F935-419F-A68B-E8DA9F08E9C1}
		{D9C0B511-25EB-4009-A784-D52FB980CCF3} = {65E5C891-9AB9-48E1-8DC5-A490BC4EF2FC}
		{181D2E8A-2B44-438F-BCBE-058A62751113} = {65E5C891-9AB9-48E1-8DC5-A490BC4EF2FC}
		{3937B2A4-5FDC-4071-BF63-4598488CD4DB} = {21BBD88D-F935-419F-A68B-E8DA9F08E9C1}
	EndGlobalSection
	GlobalSection(ExtensibilityGlobals) = postSolution
		SolutionGuid = {8BBF401C-6D00-4F22-BFC0-DE2673213D5B}
	EndGlobalSection
EndGlobal
