
Microsoft Visual Studio Solution File, Format Version 12.00
# Visual Studio 2013
VisualStudioVersion = 12.0.30110.0
MinimumVisualStudioVersion = 10.0.40219.1
Project("{FAE04EC0-301F-11D3-BF4B-00C04F79EFBC}") = "WordSpellCheck", "WordSpellCheck\DLL\WordSpellCheck.csproj", "{40D9F0DB-1C62-4CFC-A412-796E753AA057}"
EndProject
Project("{FAE04EC0-301F-11D3-BF4B-00C04F79EFBC}") = "WordSpellCheckTester", "WordSpellCheck\Test\WordSpellCheckTester.csproj", "{3183CCB3-B392-4409-9621-CF33485DE05E}"
EndProject
Project("{FAE04EC0-301F-11D3-BF4B-00C04F79EFBC}") = "Haxor", "Haxor\DLL\Haxor.csproj", "{CF9B9BA5-4798-4C56-BF54-73CA4387BDC1}"
EndProject
Project("{FAE04EC0-301F-11D3-BF4B-00C04F79EFBC}") = "HaxorTester", "Haxor\Test\HaxorTester\HaxorTester.csproj", "{554F4AB4-675B-4C25-A00A-45B4D90CCB2C}"
	ProjectSection(ProjectDependencies) = postProject
		{CF9B9BA5-4798-4C56-BF54-73CA4387BDC1} = {CF9B9BA5-4798-4C56-BF54-73CA4387BDC1}
	EndProjectSection
EndProject
Project("{FAE04EC0-301F-11D3-BF4B-00C04F79EFBC}") = "OpenSubtitlesUpload", "OpenSubtitlesUpload\DLL\OpenSubtitlesUpload.csproj", "{96468C8C-4E33-4931-8A9C-36D688319C44}"
EndProject
Project("{FAE04EC0-301F-11D3-BF4B-00C04F79EFBC}") = "OpenSubtitlesUploadTester", "OpenSubtitlesUpload\Test\OpenSubtitlesUploadTester.csproj", "{6233B38D-A2A9-4649-8AA0-F90C9F1B208F}"
EndProject
Project("{FAE04EC0-301F-11D3-BF4B-00C04F79EFBC}") = "LinesUnbreaker", "LinesUnbreaker\LinesUnbreaker.csproj", "{7B7C681E-960E-414F-B5EA-1B9BEBA71B09}"
EndProject
Project("{FAE04EC0-301F-11D3-BF4B-00C04F79EFBC}") = "HI2UC", "HI2UC\HI2UC.csproj", "{16B4BE52-050A-4161-B0E3-9B07AA5F650B}"
EndProject
Project("{FAE04EC0-301F-11D3-BF4B-00C04F79EFBC}") = "DialogueOneHyphen", "DialogueOneHyphen\DLL\DialogueOneHyphen.csproj", "{156A3B1C-12BB-42D4-B008-BD56A0181B75}"
EndProject
Project("{FAE04EC0-301F-11D3-BF4B-00C04F79EFBC}") = "TmdbCasing", "tmdb casing\TmdbCasing.csproj", "{9CEA8239-F445-430B-BE3B-76A5EF8488FB}"
EndProject
Project("{FAE04EC0-301F-11D3-BF4B-00C04F79EFBC}") = "SeSkydriveLoad", "SeSkydriveLoad\SeSkydriveLoad.csproj", "{83A18914-ACB3-4CE6-B9B2-1179839568E2}"
EndProject
Project("{FAE04EC0-301F-11D3-BF4B-00C04F79EFBC}") = "SeSkydriveSave", "SeSkydriveSave\SeSkydriveSave.csproj", "{CE839BB2-5F2A-4A00-A8A9-24BE511764FC}"
EndProject
Project("{2150E333-8FDC-42A3-9474-1A3956D46DE8}") = "Nikse", "Nikse", "{65E5C891-9AB9-48E1-8DC5-A490BC4EF2FC}"
EndProject
Project("{2150E333-8FDC-42A3-9474-1A3956D46DE8}") = "Ivandrofly", "Ivandrofly", "{21BBD88D-F935-419F-A68B-E8DA9F08E9C1}"
EndProject
Project("{FAE04EC0-301F-11D3-BF4B-00C04F79EFBC}") = "HIColorer", "HIColorer\HIColorer.csproj", "{705BE92D-37FF-4320-85FD-90133C009C8C}"
EndProject
Project("{FAE04EC0-301F-11D3-BF4B-00C04F79EFBC}") = "TmdbCasingTester", "TmdbCasingTester\TmdbCasingTester.csproj", "{386F1279-A654-4140-9F74-0F5789669D39}"
EndProject
Global
	GlobalSection(SolutionConfigurationPlatforms) = preSolution
		Debug|Any CPU = Debug|Any CPU
		Debug|Mixed Platforms = Debug|Mixed Platforms
		Debug|x86 = Debug|x86
		Release|Any CPU = Release|Any CPU
		Release|Mixed Platforms = Release|Mixed Platforms
		Release|x86 = Release|x86
	EndGlobalSection
	GlobalSection(ProjectConfigurationPlatforms) = postSolution
		{40D9F0DB-1C62-4CFC-A412-796E753AA057}.Debug|Any CPU.ActiveCfg = Debug|Any CPU
		{40D9F0DB-1C62-4CFC-A412-796E753AA057}.Debug|Any CPU.Build.0 = Debug|Any CPU
		{40D9F0DB-1C62-4CFC-A412-796E753AA057}.Debug|Mixed Platforms.ActiveCfg = Debug|Any CPU
		{40D9F0DB-1C62-4CFC-A412-796E753AA057}.Debug|Mixed Platforms.Build.0 = Debug|Any CPU
		{40D9F0DB-1C62-4CFC-A412-796E753AA057}.Debug|x86.ActiveCfg = Debug|Any CPU
		{40D9F0DB-1C62-4CFC-A412-796E753AA057}.Release|Any CPU.ActiveCfg = Release|Any CPU
		{40D9F0DB-1C62-4CFC-A412-796E753AA057}.Release|Any CPU.Build.0 = Release|Any CPU
		{40D9F0DB-1C62-4CFC-A412-796E753AA057}.Release|Mixed Platforms.ActiveCfg = Release|Any CPU
		{40D9F0DB-1C62-4CFC-A412-796E753AA057}.Release|Mixed Platforms.Build.0 = Release|Any CPU
		{40D9F0DB-1C62-4CFC-A412-796E753AA057}.Release|x86.ActiveCfg = Release|Any CPU
		{3183CCB3-B392-4409-9621-CF33485DE05E}.Debug|Any CPU.ActiveCfg = Debug|Any CPU
		{3183CCB3-B392-4409-9621-CF33485DE05E}.Debug|Any CPU.Build.0 = Debug|Any CPU
		{3183CCB3-B392-4409-9621-CF33485DE05E}.Debug|Mixed Platforms.ActiveCfg = Debug|Any CPU
		{3183CCB3-B392-4409-9621-CF33485DE05E}.Debug|Mixed Platforms.Build.0 = Debug|Any CPU
		{3183CCB3-B392-4409-9621-CF33485DE05E}.Debug|x86.ActiveCfg = Debug|Any CPU
		{3183CCB3-B392-4409-9621-CF33485DE05E}.Release|Any CPU.ActiveCfg = Release|Any CPU
		{3183CCB3-B392-4409-9621-CF33485DE05E}.Release|Any CPU.Build.0 = Release|Any CPU
		{3183CCB3-B392-4409-9621-CF33485DE05E}.Release|Mixed Platforms.ActiveCfg = Release|Any CPU
		{3183CCB3-B392-4409-9621-CF33485DE05E}.Release|Mixed Platforms.Build.0 = Release|Any CPU
		{3183CCB3-B392-4409-9621-CF33485DE05E}.Release|x86.ActiveCfg = Release|Any CPU
		{CF9B9BA5-4798-4C56-BF54-73CA4387BDC1}.Debug|Any CPU.ActiveCfg = Debug|Any CPU
		{CF9B9BA5-4798-4C56-BF54-73CA4387BDC1}.Debug|Any CPU.Build.0 = Debug|Any CPU
		{CF9B9BA5-4798-4C56-BF54-73CA4387BDC1}.Debug|Mixed Platforms.ActiveCfg = Debug|Any CPU
		{CF9B9BA5-4798-4C56-BF54-73CA4387BDC1}.Debug|Mixed Platforms.Build.0 = Debug|Any CPU
		{CF9B9BA5-4798-4C56-BF54-73CA4387BDC1}.Debug|x86.ActiveCfg = Debug|Any CPU
		{CF9B9BA5-4798-4C56-BF54-73CA4387BDC1}.Release|Any CPU.ActiveCfg = Release|Any CPU
		{CF9B9BA5-4798-4C56-BF54-73CA4387BDC1}.Release|Any CPU.Build.0 = Release|Any CPU
		{CF9B9BA5-4798-4C56-BF54-73CA4387BDC1}.Release|Mixed Platforms.ActiveCfg = Release|Any CPU
		{CF9B9BA5-4798-4C56-BF54-73CA4387BDC1}.Release|Mixed Platforms.Build.0 = Release|Any CPU
		{CF9B9BA5-4798-4C56-BF54-73CA4387BDC1}.Release|x86.ActiveCfg = Release|Any CPU
		{554F4AB4-675B-4C25-A00A-45B4D90CCB2C}.Debug|Any CPU.ActiveCfg = Debug|Any CPU
		{554F4AB4-675B-4C25-A00A-45B4D90CCB2C}.Debug|Any CPU.Build.0 = Debug|Any CPU
		{554F4AB4-675B-4C25-A00A-45B4D90CCB2C}.Debug|Mixed Platforms.ActiveCfg = Debug|Any CPU
		{554F4AB4-675B-4C25-A00A-45B4D90CCB2C}.Debug|Mixed Platforms.Build.0 = Debug|Any CPU
		{554F4AB4-675B-4C25-A00A-45B4D90CCB2C}.Debug|x86.ActiveCfg = Debug|Any CPU
		{554F4AB4-675B-4C25-A00A-45B4D90CCB2C}.Release|Any CPU.ActiveCfg = Release|Any CPU
		{554F4AB4-675B-4C25-A00A-45B4D90CCB2C}.Release|Any CPU.Build.0 = Release|Any CPU
		{554F4AB4-675B-4C25-A00A-45B4D90CCB2C}.Release|Mixed Platforms.ActiveCfg = Release|Any CPU
		{554F4AB4-675B-4C25-A00A-45B4D90CCB2C}.Release|Mixed Platforms.Build.0 = Release|Any CPU
		{554F4AB4-675B-4C25-A00A-45B4D90CCB2C}.Release|x86.ActiveCfg = Release|Any CPU
		{96468C8C-4E33-4931-8A9C-36D688319C44}.Debug|Any CPU.ActiveCfg = Debug|Any CPU
		{96468C8C-4E33-4931-8A9C-36D688319C44}.Debug|Any CPU.Build.0 = Debug|Any CPU
		{96468C8C-4E33-4931-8A9C-36D688319C44}.Debug|Mixed Platforms.ActiveCfg = Debug|Any CPU
		{96468C8C-4E33-4931-8A9C-36D688319C44}.Debug|Mixed Platforms.Build.0 = Debug|Any CPU
		{96468C8C-4E33-4931-8A9C-36D688319C44}.Debug|x86.ActiveCfg = Debug|Any CPU
		{96468C8C-4E33-4931-8A9C-36D688319C44}.Release|Any CPU.ActiveCfg = Release|Any CPU
		{96468C8C-4E33-4931-8A9C-36D688319C44}.Release|Any CPU.Build.0 = Release|Any CPU
		{96468C8C-4E33-4931-8A9C-36D688319C44}.Release|Mixed Platforms.ActiveCfg = Release|Any CPU
		{96468C8C-4E33-4931-8A9C-36D688319C44}.Release|Mixed Platforms.Build.0 = Release|Any CPU
		{96468C8C-4E33-4931-8A9C-36D688319C44}.Release|x86.ActiveCfg = Release|Any CPU
		{6233B38D-A2A9-4649-8AA0-F90C9F1B208F}.Debug|Any CPU.ActiveCfg = Debug|x86
		{6233B38D-A2A9-4649-8AA0-F90C9F1B208F}.Debug|Mixed Platforms.ActiveCfg = Debug|x86
		{6233B38D-A2A9-4649-8AA0-F90C9F1B208F}.Debug|Mixed Platforms.Build.0 = Debug|x86
		{6233B38D-A2A9-4649-8AA0-F90C9F1B208F}.Debug|x86.ActiveCfg = Debug|x86
		{6233B38D-A2A9-4649-8AA0-F90C9F1B208F}.Debug|x86.Build.0 = Debug|x86
		{6233B38D-A2A9-4649-8AA0-F90C9F1B208F}.Release|Any CPU.ActiveCfg = Release|x86
		{6233B38D-A2A9-4649-8AA0-F90C9F1B208F}.Release|Mixed Platforms.ActiveCfg = Release|x86
		{6233B38D-A2A9-4649-8AA0-F90C9F1B208F}.Release|Mixed Platforms.Build.0 = Release|x86
		{6233B38D-A2A9-4649-8AA0-F90C9F1B208F}.Release|x86.ActiveCfg = Release|x86
		{6233B38D-A2A9-4649-8AA0-F90C9F1B208F}.Release|x86.Build.0 = Release|x86
		{7B7C681E-960E-414F-B5EA-1B9BEBA71B09}.Debug|Any CPU.ActiveCfg = Debug|Any CPU
		{7B7C681E-960E-414F-B5EA-1B9BEBA71B09}.Debug|Any CPU.Build.0 = Debug|Any CPU
		{7B7C681E-960E-414F-B5EA-1B9BEBA71B09}.Debug|Mixed Platforms.ActiveCfg = Debug|Any CPU
		{7B7C681E-960E-414F-B5EA-1B9BEBA71B09}.Debug|Mixed Platforms.Build.0 = Debug|Any CPU
		{7B7C681E-960E-414F-B5EA-1B9BEBA71B09}.Debug|x86.ActiveCfg = Debug|Any CPU
		{7B7C681E-960E-414F-B5EA-1B9BEBA71B09}.Release|Any CPU.ActiveCfg = Release|Any CPU
		{7B7C681E-960E-414F-B5EA-1B9BEBA71B09}.Release|Any CPU.Build.0 = Release|Any CPU
		{7B7C681E-960E-414F-B5EA-1B9BEBA71B09}.Release|Mixed Platforms.ActiveCfg = Release|Any CPU
		{7B7C681E-960E-414F-B5EA-1B9BEBA71B09}.Release|Mixed Platforms.Build.0 = Release|Any CPU
		{7B7C681E-960E-414F-B5EA-1B9BEBA71B09}.Release|x86.ActiveCfg = Release|Any CPU
		{16B4BE52-050A-4161-B0E3-9B07AA5F650B}.Debug|Any CPU.ActiveCfg = Debug|Any CPU
		{16B4BE52-050A-4161-B0E3-9B07AA5F650B}.Debug|Any CPU.Build.0 = Debug|Any CPU
		{16B4BE52-050A-4161-B0E3-9B07AA5F650B}.Debug|Mixed Platforms.ActiveCfg = Debug|Any CPU
		{16B4BE52-050A-4161-B0E3-9B07AA5F650B}.Debug|Mixed Platforms.Build.0 = Debug|Any CPU
		{16B4BE52-050A-4161-B0E3-9B07AA5F650B}.Debug|x86.ActiveCfg = Debug|Any CPU
		{16B4BE52-050A-4161-B0E3-9B07AA5F650B}.Release|Any CPU.ActiveCfg = Release|Any CPU
		{16B4BE52-050A-4161-B0E3-9B07AA5F650B}.Release|Any CPU.Build.0 = Release|Any CPU
		{16B4BE52-050A-4161-B0E3-9B07AA5F650B}.Release|Mixed Platforms.ActiveCfg = Release|Any CPU
		{16B4BE52-050A-4161-B0E3-9B07AA5F650B}.Release|Mixed Platforms.Build.0 = Release|Any CPU
		{16B4BE52-050A-4161-B0E3-9B07AA5F650B}.Release|x86.ActiveCfg = Release|Any CPU
		{156A3B1C-12BB-42D4-B008-BD56A0181B75}.Debug|Any CPU.ActiveCfg = Debug|Any CPU
		{156A3B1C-12BB-42D4-B008-BD56A0181B75}.Debug|Any CPU.Build.0 = Debug|Any CPU
		{156A3B1C-12BB-42D4-B008-BD56A0181B75}.Debug|Mixed Platforms.ActiveCfg = Debug|Any CPU
		{156A3B1C-12BB-42D4-B008-BD56A0181B75}.Debug|Mixed Platforms.Build.0 = Debug|Any CPU
		{156A3B1C-12BB-42D4-B008-BD56A0181B75}.Debug|x86.ActiveCfg = Debug|Any CPU
		{156A3B1C-12BB-42D4-B008-BD56A0181B75}.Release|Any CPU.ActiveCfg = Release|Any CPU
		{156A3B1C-12BB-42D4-B008-BD56A0181B75}.Release|Any CPU.Build.0 = Release|Any CPU
		{156A3B1C-12BB-42D4-B008-BD56A0181B75}.Release|Mixed Platforms.ActiveCfg = Release|Any CPU
		{156A3B1C-12BB-42D4-B008-BD56A0181B75}.Release|Mixed Platforms.Build.0 = Release|Any CPU
		{156A3B1C-12BB-42D4-B008-BD56A0181B75}.Release|x86.ActiveCfg = Release|Any CPU
		{9CEA8239-F445-430B-BE3B-76A5EF8488FB}.Debug|Any CPU.ActiveCfg = Debug|Any CPU
		{9CEA8239-F445-430B-BE3B-76A5EF8488FB}.Debug|Any CPU.Build.0 = Debug|Any CPU
		{9CEA8239-F445-430B-BE3B-76A5EF8488FB}.Debug|Mixed Platforms.ActiveCfg = Debug|Any CPU
		{9CEA8239-F445-430B-BE3B-76A5EF8488FB}.Debug|Mixed Platforms.Build.0 = Debug|Any CPU
		{9CEA8239-F445-430B-BE3B-76A5EF8488FB}.Debug|x86.ActiveCfg = Debug|Any CPU
		{9CEA8239-F445-430B-BE3B-76A5EF8488FB}.Release|Any CPU.ActiveCfg = Release|Any CPU
		{9CEA8239-F445-430B-BE3B-76A5EF8488FB}.Release|Any CPU.Build.0 = Release|Any CPU
		{9CEA8239-F445-430B-BE3B-76A5EF8488FB}.Release|Mixed Platforms.ActiveCfg = Release|Any CPU
		{9CEA8239-F445-430B-BE3B-76A5EF8488FB}.Release|Mixed Platforms.Build.0 = Release|Any CPU
		{9CEA8239-F445-430B-BE3B-76A5EF8488FB}.Release|x86.ActiveCfg = Release|Any CPU
		{83A18914-ACB3-4CE6-B9B2-1179839568E2}.Debug|Any CPU.ActiveCfg = Debug|x86
		{83A18914-ACB3-4CE6-B9B2-1179839568E2}.Debug|Mixed Platforms.ActiveCfg = Debug|x86
		{83A18914-ACB3-4CE6-B9B2-1179839568E2}.Debug|Mixed Platforms.Build.0 = Debug|x86
		{83A18914-ACB3-4CE6-B9B2-1179839568E2}.Debug|x86.ActiveCfg = Debug|x86
		{83A18914-ACB3-4CE6-B9B2-1179839568E2}.Debug|x86.Build.0 = Debug|x86
		{83A18914-ACB3-4CE6-B9B2-1179839568E2}.Release|Any CPU.ActiveCfg = Release|x86
		{83A18914-ACB3-4CE6-B9B2-1179839568E2}.Release|Mixed Platforms.ActiveCfg = Release|x86
		{83A18914-ACB3-4CE6-B9B2-1179839568E2}.Release|Mixed Platforms.Build.0 = Release|x86
		{83A18914-ACB3-4CE6-B9B2-1179839568E2}.Release|x86.ActiveCfg = Release|x86
		{83A18914-ACB3-4CE6-B9B2-1179839568E2}.Release|x86.Build.0 = Release|x86
		{CE839BB2-5F2A-4A00-A8A9-24BE511764FC}.Debug|Any CPU.ActiveCfg = Debug|Any CPU
		{CE839BB2-5F2A-4A00-A8A9-24BE511764FC}.Debug|Any CPU.Build.0 = Debug|Any CPU
		{CE839BB2-5F2A-4A00-A8A9-24BE511764FC}.Debug|Mixed Platforms.ActiveCfg = Debug|Any CPU
		{CE839BB2-5F2A-4A00-A8A9-24BE511764FC}.Debug|Mixed Platforms.Build.0 = Debug|Any CPU
		{CE839BB2-5F2A-4A00-A8A9-24BE511764FC}.Debug|x86.ActiveCfg = Debug|Any CPU
		{CE839BB2-5F2A-4A00-A8A9-24BE511764FC}.Release|Any CPU.ActiveCfg = Release|Any CPU
		{CE839BB2-5F2A-4A00-A8A9-24BE511764FC}.Release|Any CPU.Build.0 = Release|Any CPU
		{CE839BB2-5F2A-4A00-A8A9-24BE511764FC}.Release|Mixed Platforms.ActiveCfg = Release|Any CPU
		{CE839BB2-5F2A-4A00-A8A9-24BE511764FC}.Release|Mixed Platforms.Build.0 = Release|Any CPU
		{CE839BB2-5F2A-4A00-A8A9-24BE511764FC}.Release|x86.ActiveCfg = Release|Any CPU
		{705BE92D-37FF-4320-85FD-90133C009C8C}.Debug|Any CPU.ActiveCfg = Debug|Any CPU
		{705BE92D-37FF-4320-85FD-90133C009C8C}.Debug|Any CPU.Build.0 = Debug|Any CPU
		{705BE92D-37FF-4320-85FD-90133C009C8C}.Debug|Mixed Platforms.ActiveCfg = Debug|Any CPU
		{705BE92D-37FF-4320-85FD-90133C009C8C}.Debug|Mixed Platforms.Build.0 = Debug|Any CPU
		{705BE92D-37FF-4320-85FD-90133C009C8C}.Debug|x86.ActiveCfg = Debug|Any CPU
		{705BE92D-37FF-4320-85FD-90133C009C8C}.Release|Any CPU.ActiveCfg = Release|Any CPU
		{705BE92D-37FF-4320-85FD-90133C009C8C}.Release|Any CPU.Build.0 = Release|Any CPU
		{705BE92D-37FF-4320-85FD-90133C009C8C}.Release|Mixed Platforms.ActiveCfg = Release|Any CPU
		{705BE92D-37FF-4320-85FD-90133C009C8C}.Release|Mixed Platforms.Build.0 = Release|Any CPU
		{705BE92D-37FF-4320-85FD-90133C009C8C}.Release|x86.ActiveCfg = Release|Any CPU
		{386F1279-A654-4140-9F74-0F5789669D39}.Debug|Any CPU.ActiveCfg = Debug|Any CPU
		{386F1279-A654-4140-9F74-0F5789669D39}.Debug|Any CPU.Build.0 = Debug|Any CPU
		{386F1279-A654-4140-9F74-0F5789669D39}.Debug|Mixed Platforms.ActiveCfg = Debug|Any CPU
		{386F1279-A654-4140-9F74-0F5789669D39}.Debug|Mixed Platforms.Build.0 = Debug|Any CPU
		{386F1279-A654-4140-9F74-0F5789669D39}.Debug|x86.ActiveCfg = Debug|Any CPU
		{386F1279-A654-4140-9F74-0F5789669D39}.Release|Any CPU.ActiveCfg = Release|Any CPU
		{386F1279-A654-4140-9F74-0F5789669D39}.Release|Any CPU.Build.0 = Release|Any CPU
		{386F1279-A654-4140-9F74-0F5789669D39}.Release|Mixed Platforms.ActiveCfg = Release|Any CPU
		{386F1279-A654-4140-9F74-0F5789669D39}.Release|Mixed Platforms.Build.0 = Release|Any CPU
		{386F1279-A654-4140-9F74-0F5789669D39}.Release|x86.ActiveCfg = Release|Any CPU
	EndGlobalSection
	GlobalSection(SolutionProperties) = preSolution
		HideSolutionNode = FALSE
	EndGlobalSection
	GlobalSection(NestedProjects) = preSolution
		{3183CCB3-B392-4409-9621-CF33485DE05E} = {65E5C891-9AB9-48E1-8DC5-A490BC4EF2FC}
		{CF9B9BA5-4798-4C56-BF54-73CA4387BDC1} = {65E5C891-9AB9-48E1-8DC5-A490BC4EF2FC}
		{554F4AB4-675B-4C25-A00A-45B4D90CCB2C} = {65E5C891-9AB9-48E1-8DC5-A490BC4EF2FC}
		{96468C8C-4E33-4931-8A9C-36D688319C44} = {65E5C891-9AB9-48E1-8DC5-A490BC4EF2FC}
		{6233B38D-A2A9-4649-8AA0-F90C9F1B208F} = {65E5C891-9AB9-48E1-8DC5-A490BC4EF2FC}
		{156A3B1C-12BB-42D4-B008-BD56A0181B75} = {65E5C891-9AB9-48E1-8DC5-A490BC4EF2FC}
		{83A18914-ACB3-4CE6-B9B2-1179839568E2} = {65E5C891-9AB9-48E1-8DC5-A490BC4EF2FC}
		{CE839BB2-5F2A-4A00-A8A9-24BE511764FC} = {65E5C891-9AB9-48E1-8DC5-A490BC4EF2FC}
		{40D9F0DB-1C62-4CFC-A412-796E753AA057} = {65E5C891-9AB9-48E1-8DC5-A490BC4EF2FC}
		{16B4BE52-050A-4161-B0E3-9B07AA5F650B} = {21BBD88D-F935-419F-A68B-E8DA9F08E9C1}
		{9CEA8239-F445-430B-BE3B-76A5EF8488FB} = {21BBD88D-F935-419F-A68B-E8DA9F08E9C1}
		{7B7C681E-960E-414F-B5EA-1B9BEBA71B09} = {21BBD88D-F935-419F-A68B-E8DA9F08E9C1}
		{705BE92D-37FF-4320-85FD-90133C009C8C} = {21BBD88D-F935-419F-A68B-E8DA9F08E9C1}
		{386F1279-A654-4140-9F74-0F5789669D39} = {21BBD88D-F935-419F-A68B-E8DA9F08E9C1}
	EndGlobalSection
EndGlobal
