
Microsoft Visual Studio Solution File, Format Version 12.00
# Visual Studio 2012
Project("{FAE04EC0-301F-11D3-BF4B-00C04F79EFBC}") = "WordSpellCheck", "DLL\WordSpellCheck.csproj", "{40D9F0DB-1C62-4CFC-A412-796E753AA057}"
EndProject
Project("{FAE04EC0-301F-11D3-BF4B-00C04F79EFBC}") = "WordSpellCheckTester", "Test\WordSpellCheckTester.csproj", "{3183CCB3-B392-4409-9621-CF33485DE05E}"
EndProject
Global
	GlobalSection(SolutionConfigurationPlatforms) = preSolution
		Debug|Any CPU = Debug|Any CPU
		Release|Any CPU = Release|Any CPU
	EndGlobalSection
	GlobalSection(ProjectConfigurationPlatforms) = postSolution
		{40D9F0DB-1C62-4CFC-A412-796E753AA057}.Debug|Any CPU.ActiveCfg = Debug|Any CPU
		{40D9F0DB-1C62-4CFC-A412-796E753AA057}.Debug|Any CPU.Build.0 = Debug|Any CPU
		{40D9F0DB-1C62-4CFC-A412-796E753AA057}.Release|Any CPU.ActiveCfg = Release|Any CPU
		{40D9F0DB-1C62-4CFC-A412-796E753AA057}.Release|Any CPU.Build.0 = Release|Any CPU
		{3183CCB3-B392-4409-9621-CF33485DE05E}.Debug|Any CPU.ActiveCfg = Debug|Any CPU
		{3183CCB3-B392-4409-9621-CF33485DE05E}.Debug|Any CPU.Build.0 = Debug|Any CPU
		{3183CCB3-B392-4409-9621-CF33485DE05E}.Release|Any CPU.ActiveCfg = Release|Any CPU
		{3183CCB3-B392-4409-9621-CF33485DE05E}.Release|Any CPU.Build.0 = Release|Any CPU
	EndGlobalSection
	GlobalSection(SolutionProperties) = preSolution
		HideSolutionNode = FALSE
	EndGlobalSection
EndGlobal
