
Microsoft Visual Studio Solution File, Format Version 12.00
# Visual Studio Version 17
VisualStudioVersion = 17.12.35506.116
MinimumVisualStudioVersion = 10.0.40219.1
Project("{FAE04EC0-301F-11D3-BF4B-00C04F79EFBC}") = "Plugin-Updater", "Plugin-Updater\Plugin-Updater.csproj", "{F45FB628-CE21-A333-E454-FF7CED0442CB}"
EndProject
Project("{2150E333-8FDC-42A3-9474-1A3956D46DE8}") = ".Solution Items", ".Solution Items", "{427DB63A-DE9F-4729-200B-9F09D838A0E0}"
	ProjectSection(SolutionItems) = preProject
		..\.gitignore = ..\.gitignore
		Directory.Build.Props = Directory.Build.Props
		Directory.Build.targets = Directory.Build.targets
		Directory.Packages.props = Directory.Packages.props
		..\LICENSE.txt = ..\LICENSE.txt
		..\Plugins2.xml = ..\Plugins2.xml
		..\Plugins4.xml = ..\Plugins4.xml
		..\README.md = ..\README.md
	EndProjectSection
EndProject
Project("{2150E333-8FDC-42A3-9474-1A3956D46DE8}") = "Ivandrofly", "Ivandrofly", "{F3F3B2F3-6894-7B89-2837-28958321D26E}"
EndProject
Project("{FAE04EC0-301F-11D3-BF4B-00C04F79EFBC}") = "DialogueAutoMarker", "DialogueAutoMarker\DialogueAutoMarker.csproj", "{77856302-3C06-715E-1207-8ADFB4319507}"
EndProject
Project("{FAE04EC0-301F-11D3-BF4B-00C04F79EFBC}") = "DictionariesProvider", "DictionariesProvider\DictionariesProvider.csproj", "{E9D300DD-F041-47A8-B395-CF6E35D7A4C2}"
EndProject
Project("{FAE04EC0-301F-11D3-BF4B-00C04F79EFBC}") = "ExposeSEApi", "ExposeSEApi\ExposeSEApi.csproj", "{83A54314-66FF-BEB0-B43C-AECB622A3FBE}"
EndProject
Project("{FAE04EC0-301F-11D3-BF4B-00C04F79EFBC}") = "HI2UC", "HI2UC\HI2UC.csproj", "{F341A40B-E691-3C3F-1D8B-F69A89FC2034}"
EndProject
Project("{FAE04EC0-301F-11D3-BF4B-00C04F79EFBC}") = "HIColorer", "HIColorer\HIColorer.csproj", "{F5CA958D-5D27-E0BC-9F15-689A84C85C30}"
EndProject
Project("{FAE04EC0-301F-11D3-BF4B-00C04F79EFBC}") = "JackSE", "JackSE\JackSE.csproj", "{D94338C6-2FCB-8D23-8E04-B810C49A68AB}"
EndProject
Project("{FAE04EC0-301F-11D3-BF4B-00C04F79EFBC}") = "LibSeBasedPlugin", "LibSeBasedPlugin\LibSeBasedPlugin.csproj", "{051A7D15-8D15-40E3-8545-69AA89770F72}"
EndProject
Project("{FAE04EC0-301F-11D3-BF4B-00C04F79EFBC}") = "LinesUnbreaker", "LinesUnbreaker\LinesUnbreaker.csproj", "{655162E2-D195-3706-58EF-E96CFFF0905B}"
EndProject
Project("{FAE04EC0-301F-11D3-BF4B-00C04F79EFBC}") = "NarratorOutParentheses", "NarratorOutParentheses\NarratorOutParentheses.csproj", "{D91A3C86-6107-8CB0-F92E-A1628064B1D0}"
EndProject
Project("{FAE04EC0-301F-11D3-BF4B-00C04F79EFBC}") = "NoRecursiveDash", "NoRecursiveDash\NoRecursiveDash.csproj", "{B41FE303-85FB-2473-5166-D1A3463B88F3}"
EndProject
Project("{FAE04EC0-301F-11D3-BF4B-00C04F79EFBC}") = "OnlineCasing", "OnlineCasing\OnlineCasing.csproj", "{861C6A54-7642-BAC5-98F3-231158C28DD1}"
EndProject
Project("{D954291E-2A0B-460D-934E-DC6B0785DB48}") = "Plugin-Shared", "Plugin-Shared\Plugin-Shared.shproj", "{B6BEFF13-3DDF-87D9-C875-312EA5AA33DB}"
EndProject
Project("{FAE04EC0-301F-11D3-BF4B-00C04F79EFBC}") = "ExportAllFormats", "SaveAllFormat\ExportAllFormats.csproj", "{425900A0-6CD3-247A-4E4A-A9F72E13C459}"
EndProject
Project("{FAE04EC0-301F-11D3-BF4B-00C04F79EFBC}") = "TightHyphen", "TightHyphen\TightHyphen.csproj", "{53082AFD-6BB4-1E20-3885-E06E1D372D96}"
EndProject
Project("{FAE04EC0-301F-11D3-BF4B-00C04F79EFBC}") = "TriggerOnLoad", "TriggerOnLoad\TriggerOnLoad.csproj", "{03D2230D-8E96-BF32-3797-9EB2D1EA072F}"
EndProject
Project("{FAE04EC0-301F-11D3-BF4B-00C04F79EFBC}") = "WordCensor", "WordCensor\WordCensor.csproj", "{7B63C040-FFB9-6B21-083D-C1421D41EEF9}"
EndProject
Project("{2150E333-8FDC-42A3-9474-1A3956D46DE8}") = "MSasanMH", "MSasanMH", "{0FCE66A8-8235-F72D-3039-D73779CB998D}"
EndProject
Project("{FAE04EC0-301F-11D3-BF4B-00C04F79EFBC}") = "PersianErrors", "PersianErrors\PersianErrors.csproj", "{5798703C-3EAD-6D3B-6B6B-4245F104D468}"
EndProject
Project("{2150E333-8FDC-42A3-9474-1A3956D46DE8}") = "Nikse", "Nikse", "{997A92DC-0544-06E6-688C-4D1D9681F12C}"
EndProject
Project("{FAE04EC0-301F-11D3-BF4B-00C04F79EFBC}") = "AmericanToBritish", "AmericanToBritish\DLL\AmericanToBritish.csproj", "{280328D7-E9FC-659F-FE48-25CEF12E757E}"
EndProject
Project("{FAE04EC0-301F-11D3-BF4B-00C04F79EFBC}") = "AssaDraw", "AssaDraw\DLL\AssaDraw.csproj", "{BB9C03A7-E947-1BFE-7258-A8BB1AF6DB7D}"
EndProject
Project("{FAE04EC0-301F-11D3-BF4B-00C04F79EFBC}") = "AssaFade", "AssaFade\DLL\AssaFade.csproj", "{F31BCE19-FD4A-4F5A-C520-B0C02333373C}"
EndProject
Project("{FAE04EC0-301F-11D3-BF4B-00C04F79EFBC}") = "BaiduTranslate", "BaiduTranslate\DLL\BaiduTranslate.csproj", "{40433432-EA5C-42CE-B2C8-79DD2EC17162}"
EndProject
Project("{FAE04EC0-301F-11D3-BF4B-00C04F79EFBC}") = "BTScreenScraper", "BTScreenScraper\DLL\BTScreenScraper.csproj", "{D4A06801-371C-4474-94EF-97824D61294E}"
EndProject
Project("{FAE04EC0-301F-11D3-BF4B-00C04F79EFBC}") = "CheckLineWidth", "CheckLineWidth\DLL\CheckLineWidth.csproj", "{02F16057-EA75-C646-1CFD-CD375E17C77D}"
EndProject
Project("{FAE04EC0-301F-11D3-BF4B-00C04F79EFBC}") = "ColorToDialog", "ColorToDialog\DLL\ColorToDialog.csproj", "{DA6258BB-E5E6-4175-80F3-AB9815682F86}"
EndProject
Project("{FAE04EC0-301F-11D3-BF4B-00C04F79EFBC}") = "CopyPasteTranslate", "CopyPasteTranslate\DLL\CopyPasteTranslate.csproj", "{8B75158E-A6DD-46BB-9030-BF84C80BF7CC}"
EndProject
Project("{FAE04EC0-301F-11D3-BF4B-00C04F79EFBC}") = "DeeplProTranslate", "DeeplProTranslate\DLL\DeeplProTranslate.csproj", "{FEF62028-9A0A-42EE-B13B-E19F9B73A5BD}"
EndProject
Project("{FAE04EC0-301F-11D3-BF4B-00C04F79EFBC}") = "DeepLScreenScraper", "DeepLScreenScraper\DLL\DeepLScreenScraper.csproj", "{D9C0B511-25EB-4009-A784-D52FB980CCF3}"
EndProject
Project("{FAE04EC0-301F-11D3-BF4B-00C04F79EFBC}") = "DeeplTranslate", "DeeplTranslate\DLL\DeeplTranslate.csproj", "{98102D95-59EA-40C8-BEA4-96CA5A4F9079}"
EndProject
Project("{FAE04EC0-301F-11D3-BF4B-00C04F79EFBC}") = "DialogueOneHyphen", "DialogueOneHyphen\DLL\DialogueOneHyphen.csproj", "{E0F16569-B385-86AA-10CA-A2D4D62559EF}"
EndProject
Project("{FAE04EC0-301F-11D3-BF4B-00C04F79EFBC}") = "DropBoxLoad", "DropBoxLoad\DropBoxLoad.csproj", "{AFCB5178-AB7E-49D8-8C5F-A7FF0C2663E6}"
EndProject
Project("{FAE04EC0-301F-11D3-BF4B-00C04F79EFBC}") = "DropBoxSave", "DropBoxSave\DropBoxSave.csproj", "{20B977D8-877F-4C84-A280-D6F4208AF0B9}"
EndProject
Project("{FAE04EC0-301F-11D3-BF4B-00C04F79EFBC}") = "GTScreenScraper", "GTScreenScraper\DLL\GTScreenScraper.csproj", "{BC28A13A-5CCD-4B4C-886D-0CD632BAA6A6}"
EndProject
Project("{FAE04EC0-301F-11D3-BF4B-00C04F79EFBC}") = "Haxor", "Haxor\DLL\Haxor.csproj", "{2F650A6A-0EA4-0541-2F4A-9712F794F126}"
EndProject
Project("{FAE04EC0-301F-11D3-BF4B-00C04F79EFBC}") = "IspraviMe", "IspraviMeTranslate\DLL\IspraviMe.csproj", "{52A6FF02-98C5-7451-BC13-63CEB615D007}"
EndProject
Project("{FAE04EC0-301F-11D3-BF4B-00C04F79EFBC}") = "ItalicEachLine", "ItalicEachLine\DLL\ItalicEachLine.csproj", "{E1DFE79F-1019-4C28-B396-9ACA436444CD}"
EndProject
Project("{FAE04EC0-301F-11D3-BF4B-00C04F79EFBC}") = "LoadFormatting", "LoadFormatting\DLL\LoadFormatting.csproj", "{4E2E336C-EF42-AD1D-0129-338AB7734DF1}"
EndProject
Project("{FAE04EC0-301F-11D3-BF4B-00C04F79EFBC}") = "MergeTwoSrtToAss", "MergeTwoSrtToAss\DLL\MergeTwoSrtToAss.csproj", "{89A83DE4-C3E4-9508-09D2-05A96A41821C}"
EndProject
Project("{FAE04EC0-301F-11D3-BF4B-00C04F79EFBC}") = "NameListManager", "NamesListManager\DLL\NameListManager.csproj", "{E33243DD-98BB-A683-FADA-91006220F9DE}"
EndProject
Project("{FAE04EC0-301F-11D3-BF4B-00C04F79EFBC}") = "NetflixRulesCheck", "NetflixRulesCheck\DLL\NetflixRulesCheck.csproj", "{31C78FE5-B549-3EDB-7276-7FA062ED33FA}"
EndProject
Project("{FAE04EC0-301F-11D3-BF4B-00C04F79EFBC}") = "OcrListManager", "OcrListManager\DLL\OcrListManager.csproj", "{89B1DB87-1B85-6A38-6BDC-E0F37D1A3D99}"
EndProject
Project("{FAE04EC0-301F-11D3-BF4B-00C04F79EFBC}") = "OpenSubtitlesUpload", "OpenSubtitlesUpload\DLL\OpenSubtitlesUpload.csproj", "{96468C8C-4E33-4931-8A9C-36D688319C44}"
EndProject
Project("{FAE04EC0-301F-11D3-BF4B-00C04F79EFBC}") = "PapagoTranslate", "PapagoTranslate\DLL\PapagoTranslate.csproj", "{535E50EE-A58D-4A35-86E7-74540A4548E4}"
EndProject
Project("{FAE04EC0-301F-11D3-BF4B-00C04F79EFBC}") = "PromptTranslate", "PromptTranslate\DLL\PromptTranslate.csproj", "{181D2E8A-2B44-438F-BCBE-058A62751113}"
EndProject
Project("{FAE04EC0-301F-11D3-BF4B-00C04F79EFBC}") = "RemoveUnicodeCharacters", "RemoveUnicodeCharacters\DLL\RemoveUnicodeCharacters.csproj", "{C6417091-A389-3C3E-2E9A-C2BF7D89684D}"
EndProject
Project("{FAE04EC0-301F-11D3-BF4B-00C04F79EFBC}") = "ReverseText", "ReverseText\DLL\ReverseText.csproj", "{B34EA26F-366B-48C5-94DE-8149D9115EF9}"
EndProject
Project("{FAE04EC0-301F-11D3-BF4B-00C04F79EFBC}") = "ReversoTranslate", "ReversoTranslate\DLL\ReversoTranslate.csproj", "{635D332C-8A90-4634-B258-D31CFFC40F88}"
EndProject
Project("{FAE04EC0-301F-11D3-BF4B-00C04F79EFBC}") = "OneDriveLoad", "SeSkydriveLoad\OneDriveLoad.csproj", "{83A18914-ACB3-4CE6-B9B2-1179839568E2}"
EndProject
Project("{FAE04EC0-301F-11D3-BF4B-00C04F79EFBC}") = "OneDriveSave", "SeSkydriveSave\OneDriveSave.csproj", "{CE839BB2-5F2A-4A00-A8A9-24BE511764FC}"
EndProject
Project("{FAE04EC0-301F-11D3-BF4B-00C04F79EFBC}") = "YandexTranslate", "YandexTranslate\DLL\YandexTranslate.csproj", "{FE4B957C-F682-41A5-BBDC-BEA8CF9B4CFB}"
EndProject
Project("{2150E333-8FDC-42A3-9474-1A3956D46DE8}") = "Tester", "Tester", "{15FFA8E7-DF0B-7AE9-1E07-2369D69EEB9B}"
EndProject
Project("{FAE04EC0-301F-11D3-BF4B-00C04F79EFBC}") = "GenericPluginTester", "GenericPluginTester\GenericPluginTester.csproj", "{4BCE55FD-2A5A-F5BC-B181-4587ADD3098D}"
EndProject
Project("{FAE04EC0-301F-11D3-BF4B-00C04F79EFBC}") = "UnitTests", "UnitTests\UnitTests.csproj", "{4AED2C37-29AF-4795-AC4C-A1A1A7A99104}"
EndProject
Project("{2150E333-8FDC-42A3-9474-1A3956D46DE8}") = "Xylographe", "Xylographe", "{896E8CC0-2483-6EB0-203E-E8AEE0B21B86}"
EndProject
Project("{FAE04EC0-301F-11D3-BF4B-00C04F79EFBC}") = "VobSubTimestamps", "VobSubTimestamps\DLL\VobSubTimestamps.csproj", "{B2A849FA-2754-9B1F-951B-CCF896842722}"
EndProject
Project("{FAE04EC0-301F-11D3-BF4B-00C04F79EFBC}") = "WordSpellCheck", "WordSpellCheck\WordSpellCheck.csproj", "{AB317CC4-1867-4D9D-8626-A27BB2E473FE}"
EndProject
Global
	GlobalSection(SolutionConfigurationPlatforms) = preSolution
		Debug|Any CPU = Debug|Any CPU
		Release|Any CPU = Release|Any CPU
	EndGlobalSection
	GlobalSection(ProjectConfigurationPlatforms) = postSolution
		{F45FB628-CE21-A333-E454-FF7CED0442CB}.Debug|Any CPU.ActiveCfg = Debug|Any CPU
		{F45FB628-CE21-A333-E454-FF7CED0442CB}.Debug|Any CPU.Build.0 = Debug|Any CPU
		{F45FB628-CE21-A333-E454-FF7CED0442CB}.Release|Any CPU.ActiveCfg = Release|Any CPU
		{F45FB628-CE21-A333-E454-FF7CED0442CB}.Release|Any CPU.Build.0 = Release|Any CPU
		{77856302-3C06-715E-1207-8ADFB4319507}.Debug|Any CPU.ActiveCfg = Debug|Any CPU
		{77856302-3C06-715E-1207-8ADFB4319507}.Debug|Any CPU.Build.0 = Debug|Any CPU
		{77856302-3C06-715E-1207-8ADFB4319507}.Release|Any CPU.ActiveCfg = Release|Any CPU
		{77856302-3C06-715E-1207-8ADFB4319507}.Release|Any CPU.Build.0 = Release|Any CPU
		{E9D300DD-F041-47A8-B395-CF6E35D7A4C2}.Debug|Any CPU.ActiveCfg = Debug|Any CPU
		{E9D300DD-F041-47A8-B395-CF6E35D7A4C2}.Debug|Any CPU.Build.0 = Debug|Any CPU
		{E9D300DD-F041-47A8-B395-CF6E35D7A4C2}.Release|Any CPU.ActiveCfg = Release|Any CPU
		{E9D300DD-F041-47A8-B395-CF6E35D7A4C2}.Release|Any CPU.Build.0 = Release|Any CPU
		{83A54314-66FF-BEB0-B43C-AECB622A3FBE}.Debug|Any CPU.ActiveCfg = Debug|Any CPU
		{83A54314-66FF-BEB0-B43C-AECB622A3FBE}.Debug|Any CPU.Build.0 = Debug|Any CPU
		{83A54314-66FF-BEB0-B43C-AECB622A3FBE}.Release|Any CPU.ActiveCfg = Release|Any CPU
		{83A54314-66FF-BEB0-B43C-AECB622A3FBE}.Release|Any CPU.Build.0 = Release|Any CPU
		{F341A40B-E691-3C3F-1D8B-F69A89FC2034}.Debug|Any CPU.ActiveCfg = Debug|Any CPU
		{F341A40B-E691-3C3F-1D8B-F69A89FC2034}.Debug|Any CPU.Build.0 = Debug|Any CPU
		{F341A40B-E691-3C3F-1D8B-F69A89FC2034}.Release|Any CPU.ActiveCfg = Release|Any CPU
		{F341A40B-E691-3C3F-1D8B-F69A89FC2034}.Release|Any CPU.Build.0 = Release|Any CPU
		{F5CA958D-5D27-E0BC-9F15-689A84C85C30}.Debug|Any CPU.ActiveCfg = Debug|Any CPU
		{F5CA958D-5D27-E0BC-9F15-689A84C85C30}.Debug|Any CPU.Build.0 = Debug|Any CPU
		{F5CA958D-5D27-E0BC-9F15-689A84C85C30}.Release|Any CPU.ActiveCfg = Release|Any CPU
		{F5CA958D-5D27-E0BC-9F15-689A84C85C30}.Release|Any CPU.Build.0 = Release|Any CPU
		{D94338C6-2FCB-8D23-8E04-B810C49A68AB}.Debug|Any CPU.ActiveCfg = Debug|Any CPU
		{D94338C6-2FCB-8D23-8E04-B810C49A68AB}.Debug|Any CPU.Build.0 = Debug|Any CPU
		{D94338C6-2FCB-8D23-8E04-B810C49A68AB}.Release|Any CPU.ActiveCfg = Release|Any CPU
		{D94338C6-2FCB-8D23-8E04-B810C49A68AB}.Release|Any CPU.Build.0 = Release|Any CPU
		{051A7D15-8D15-40E3-8545-69AA89770F72}.Debug|Any CPU.ActiveCfg = Debug|Any CPU
		{051A7D15-8D15-40E3-8545-69AA89770F72}.Debug|Any CPU.Build.0 = Debug|Any CPU
		{051A7D15-8D15-40E3-8545-69AA89770F72}.Release|Any CPU.ActiveCfg = Release|Any CPU
		{051A7D15-8D15-40E3-8545-69AA89770F72}.Release|Any CPU.Build.0 = Release|Any CPU
		{655162E2-D195-3706-58EF-E96CFFF0905B}.Debug|Any CPU.ActiveCfg = Debug|Any CPU
		{655162E2-D195-3706-58EF-E96CFFF0905B}.Debug|Any CPU.Build.0 = Debug|Any CPU
		{655162E2-D195-3706-58EF-E96CFFF0905B}.Release|Any CPU.ActiveCfg = Release|Any CPU
		{655162E2-D195-3706-58EF-E96CFFF0905B}.Release|Any CPU.Build.0 = Release|Any CPU
		{D91A3C86-6107-8CB0-F92E-A1628064B1D0}.Debug|Any CPU.ActiveCfg = Debug|Any CPU
		{D91A3C86-6107-8CB0-F92E-A1628064B1D0}.Debug|Any CPU.Build.0 = Debug|Any CPU
		{D91A3C86-6107-8CB0-F92E-A1628064B1D0}.Release|Any CPU.ActiveCfg = Release|Any CPU
		{D91A3C86-6107-8CB0-F92E-A1628064B1D0}.Release|Any CPU.Build.0 = Release|Any CPU
		{B41FE303-85FB-2473-5166-D1A3463B88F3}.Debug|Any CPU.ActiveCfg = Debug|Any CPU
		{B41FE303-85FB-2473-5166-D1A3463B88F3}.Debug|Any CPU.Build.0 = Debug|Any CPU
		{B41FE303-85FB-2473-5166-D1A3463B88F3}.Release|Any CPU.ActiveCfg = Release|Any CPU
		{B41FE303-85FB-2473-5166-D1A3463B88F3}.Release|Any CPU.Build.0 = Release|Any CPU
		{861C6A54-7642-BAC5-98F3-231158C28DD1}.Debug|Any CPU.ActiveCfg = Debug|Any CPU
		{861C6A54-7642-BAC5-98F3-231158C28DD1}.Debug|Any CPU.Build.0 = Debug|Any CPU
		{861C6A54-7642-BAC5-98F3-231158C28DD1}.Release|Any CPU.ActiveCfg = Release|Any CPU
		{861C6A54-7642-BAC5-98F3-231158C28DD1}.Release|Any CPU.Build.0 = Release|Any CPU
		{B6BEFF13-3DDF-87D9-C875-312EA5AA33DB}.Debug|Any CPU.ActiveCfg = Debug|Any CPU
		{B6BEFF13-3DDF-87D9-C875-312EA5AA33DB}.Debug|Any CPU.Build.0 = Debug|Any CPU
		{B6BEFF13-3DDF-87D9-C875-312EA5AA33DB}.Release|Any CPU.ActiveCfg = Release|Any CPU
		{B6BEFF13-3DDF-87D9-C875-312EA5AA33DB}.Release|Any CPU.Build.0 = Release|Any CPU
		{425900A0-6CD3-247A-4E4A-A9F72E13C459}.Debug|Any CPU.ActiveCfg = Debug|Any CPU
		{425900A0-6CD3-247A-4E4A-A9F72E13C459}.Debug|Any CPU.Build.0 = Debug|Any CPU
		{425900A0-6CD3-247A-4E4A-A9F72E13C459}.Release|Any CPU.ActiveCfg = Release|Any CPU
		{425900A0-6CD3-247A-4E4A-A9F72E13C459}.Release|Any CPU.Build.0 = Release|Any CPU
		{53082AFD-6BB4-1E20-3885-E06E1D372D96}.Debug|Any CPU.ActiveCfg = Debug|Any CPU
		{53082AFD-6BB4-1E20-3885-E06E1D372D96}.Debug|Any CPU.Build.0 = Debug|Any CPU
		{53082AFD-6BB4-1E20-3885-E06E1D372D96}.Release|Any CPU.ActiveCfg = Release|Any CPU
		{53082AFD-6BB4-1E20-3885-E06E1D372D96}.Release|Any CPU.Build.0 = Release|Any CPU
		{03D2230D-8E96-BF32-3797-9EB2D1EA072F}.Debug|Any CPU.ActiveCfg = Debug|Any CPU
		{03D2230D-8E96-BF32-3797-9EB2D1EA072F}.Debug|Any CPU.Build.0 = Debug|Any CPU
		{03D2230D-8E96-BF32-3797-9EB2D1EA072F}.Release|Any CPU.ActiveCfg = Release|Any CPU
		{03D2230D-8E96-BF32-3797-9EB2D1EA072F}.Release|Any CPU.Build.0 = Release|Any CPU
		{7B63C040-FFB9-6B21-083D-C1421D41EEF9}.Debug|Any CPU.ActiveCfg = Debug|Any CPU
		{7B63C040-FFB9-6B21-083D-C1421D41EEF9}.Debug|Any CPU.Build.0 = Debug|Any CPU
		{7B63C040-FFB9-6B21-083D-C1421D41EEF9}.Release|Any CPU.ActiveCfg = Release|Any CPU
		{7B63C040-FFB9-6B21-083D-C1421D41EEF9}.Release|Any CPU.Build.0 = Release|Any CPU
		{5798703C-3EAD-6D3B-6B6B-4245F104D468}.Debug|Any CPU.ActiveCfg = Debug|Any CPU
		{5798703C-3EAD-6D3B-6B6B-4245F104D468}.Debug|Any CPU.Build.0 = Debug|Any CPU
		{5798703C-3EAD-6D3B-6B6B-4245F104D468}.Release|Any CPU.ActiveCfg = Release|Any CPU
		{5798703C-3EAD-6D3B-6B6B-4245F104D468}.Release|Any CPU.Build.0 = Release|Any CPU
		{280328D7-E9FC-659F-FE48-25CEF12E757E}.Debug|Any CPU.ActiveCfg = Debug|Any CPU
		{280328D7-E9FC-659F-FE48-25CEF12E757E}.Debug|Any CPU.Build.0 = Debug|Any CPU
		{280328D7-E9FC-659F-FE48-25CEF12E757E}.Release|Any CPU.ActiveCfg = Release|Any CPU
		{280328D7-E9FC-659F-FE48-25CEF12E757E}.Release|Any CPU.Build.0 = Release|Any CPU
		{BB9C03A7-E947-1BFE-7258-A8BB1AF6DB7D}.Debug|Any CPU.ActiveCfg = Debug|Any CPU
		{BB9C03A7-E947-1BFE-7258-A8BB1AF6DB7D}.Debug|Any CPU.Build.0 = Debug|Any CPU
		{BB9C03A7-E947-1BFE-7258-A8BB1AF6DB7D}.Release|Any CPU.ActiveCfg = Release|Any CPU
		{BB9C03A7-E947-1BFE-7258-A8BB1AF6DB7D}.Release|Any CPU.Build.0 = Release|Any CPU
		{F31BCE19-FD4A-4F5A-C520-B0C02333373C}.Debug|Any CPU.ActiveCfg = Debug|Any CPU
		{F31BCE19-FD4A-4F5A-C520-B0C02333373C}.Debug|Any CPU.Build.0 = Debug|Any CPU
		{F31BCE19-FD4A-4F5A-C520-B0C02333373C}.Release|Any CPU.ActiveCfg = Release|Any CPU
		{F31BCE19-FD4A-4F5A-C520-B0C02333373C}.Release|Any CPU.Build.0 = Release|Any CPU
		{40433432-EA5C-42CE-B2C8-79DD2EC17162}.Debug|Any CPU.ActiveCfg = Debug|Any CPU
		{40433432-EA5C-42CE-B2C8-79DD2EC17162}.Debug|Any CPU.Build.0 = Debug|Any CPU
		{40433432-EA5C-42CE-B2C8-79DD2EC17162}.Release|Any CPU.ActiveCfg = Release|Any CPU
		{40433432-EA5C-42CE-B2C8-79DD2EC17162}.Release|Any CPU.Build.0 = Release|Any CPU
		{D4A06801-371C-4474-94EF-97824D61294E}.Debug|Any CPU.ActiveCfg = Debug|Any CPU
		{D4A06801-371C-4474-94EF-97824D61294E}.Debug|Any CPU.Build.0 = Debug|Any CPU
		{D4A06801-371C-4474-94EF-97824D61294E}.Release|Any CPU.ActiveCfg = Release|Any CPU
		{D4A06801-371C-4474-94EF-97824D61294E}.Release|Any CPU.Build.0 = Release|Any CPU
		{02F16057-EA75-C646-1CFD-CD375E17C77D}.Debug|Any CPU.ActiveCfg = Debug|Any CPU
		{02F16057-EA75-C646-1CFD-CD375E17C77D}.Debug|Any CPU.Build.0 = Debug|Any CPU
		{02F16057-EA75-C646-1CFD-CD375E17C77D}.Release|Any CPU.ActiveCfg = Release|Any CPU
		{02F16057-EA75-C646-1CFD-CD375E17C77D}.Release|Any CPU.Build.0 = Release|Any CPU
		{DA6258BB-E5E6-4175-80F3-AB9815682F86}.Debug|Any CPU.ActiveCfg = Debug|Any CPU
		{DA6258BB-E5E6-4175-80F3-AB9815682F86}.Debug|Any CPU.Build.0 = Debug|Any CPU
		{DA6258BB-E5E6-4175-80F3-AB9815682F86}.Release|Any CPU.ActiveCfg = Release|Any CPU
		{DA6258BB-E5E6-4175-80F3-AB9815682F86}.Release|Any CPU.Build.0 = Release|Any CPU
		{8B75158E-A6DD-46BB-9030-BF84C80BF7CC}.Debug|Any CPU.ActiveCfg = Debug|Any CPU
		{8B75158E-A6DD-46BB-9030-BF84C80BF7CC}.Debug|Any CPU.Build.0 = Debug|Any CPU
		{8B75158E-A6DD-46BB-9030-BF84C80BF7CC}.Release|Any CPU.ActiveCfg = Release|Any CPU
		{8B75158E-A6DD-46BB-9030-BF84C80BF7CC}.Release|Any CPU.Build.0 = Release|Any CPU
		{FEF62028-9A0A-42EE-B13B-E19F9B73A5BD}.Debug|Any CPU.ActiveCfg = Debug|Any CPU
		{FEF62028-9A0A-42EE-B13B-E19F9B73A5BD}.Debug|Any CPU.Build.0 = Debug|Any CPU
		{FEF62028-9A0A-42EE-B13B-E19F9B73A5BD}.Release|Any CPU.ActiveCfg = Release|Any CPU
		{FEF62028-9A0A-42EE-B13B-E19F9B73A5BD}.Release|Any CPU.Build.0 = Release|Any CPU
		{D9C0B511-25EB-4009-A784-D52FB980CCF3}.Debug|Any CPU.ActiveCfg = Debug|Any CPU
		{D9C0B511-25EB-4009-A784-D52FB980CCF3}.Debug|Any CPU.Build.0 = Debug|Any CPU
		{D9C0B511-25EB-4009-A784-D52FB980CCF3}.Release|Any CPU.ActiveCfg = Release|Any CPU
		{D9C0B511-25EB-4009-A784-D52FB980CCF3}.Release|Any CPU.Build.0 = Release|Any CPU
		{98102D95-59EA-40C8-BEA4-96CA5A4F9079}.Debug|Any CPU.ActiveCfg = Debug|Any CPU
		{98102D95-59EA-40C8-BEA4-96CA5A4F9079}.Debug|Any CPU.Build.0 = Debug|Any CPU
		{98102D95-59EA-40C8-BEA4-96CA5A4F9079}.Release|Any CPU.ActiveCfg = Release|Any CPU
		{98102D95-59EA-40C8-BEA4-96CA5A4F9079}.Release|Any CPU.Build.0 = Release|Any CPU
		{E0F16569-B385-86AA-10CA-A2D4D62559EF}.Debug|Any CPU.ActiveCfg = Debug|Any CPU
		{E0F16569-B385-86AA-10CA-A2D4D62559EF}.Debug|Any CPU.Build.0 = Debug|Any CPU
		{E0F16569-B385-86AA-10CA-A2D4D62559EF}.Release|Any CPU.ActiveCfg = Release|Any CPU
		{E0F16569-B385-86AA-10CA-A2D4D62559EF}.Release|Any CPU.Build.0 = Release|Any CPU
		{AFCB5178-AB7E-49D8-8C5F-A7FF0C2663E6}.Debug|Any CPU.ActiveCfg = Debug|Any CPU
		{AFCB5178-AB7E-49D8-8C5F-A7FF0C2663E6}.Debug|Any CPU.Build.0 = Debug|Any CPU
		{AFCB5178-AB7E-49D8-8C5F-A7FF0C2663E6}.Release|Any CPU.ActiveCfg = Release|Any CPU
		{AFCB5178-AB7E-49D8-8C5F-A7FF0C2663E6}.Release|Any CPU.Build.0 = Release|Any CPU
		{20B977D8-877F-4C84-A280-D6F4208AF0B9}.Debug|Any CPU.ActiveCfg = Debug|Any CPU
		{20B977D8-877F-4C84-A280-D6F4208AF0B9}.Debug|Any CPU.Build.0 = Debug|Any CPU
		{20B977D8-877F-4C84-A280-D6F4208AF0B9}.Release|Any CPU.ActiveCfg = Release|Any CPU
		{20B977D8-877F-4C84-A280-D6F4208AF0B9}.Release|Any CPU.Build.0 = Release|Any CPU
		{BC28A13A-5CCD-4B4C-886D-0CD632BAA6A6}.Debug|Any CPU.ActiveCfg = Debug|Any CPU
		{BC28A13A-5CCD-4B4C-886D-0CD632BAA6A6}.Debug|Any CPU.Build.0 = Debug|Any CPU
		{BC28A13A-5CCD-4B4C-886D-0CD632BAA6A6}.Release|Any CPU.ActiveCfg = Release|Any CPU
		{BC28A13A-5CCD-4B4C-886D-0CD632BAA6A6}.Release|Any CPU.Build.0 = Release|Any CPU
		{2F650A6A-0EA4-0541-2F4A-9712F794F126}.Debug|Any CPU.ActiveCfg = Debug|Any CPU
		{2F650A6A-0EA4-0541-2F4A-9712F794F126}.Debug|Any CPU.Build.0 = Debug|Any CPU
		{2F650A6A-0EA4-0541-2F4A-9712F794F126}.Release|Any CPU.ActiveCfg = Release|Any CPU
		{2F650A6A-0EA4-0541-2F4A-9712F794F126}.Release|Any CPU.Build.0 = Release|Any CPU
		{52A6FF02-98C5-7451-BC13-63CEB615D007}.Debug|Any CPU.ActiveCfg = Debug|Any CPU
		{52A6FF02-98C5-7451-BC13-63CEB615D007}.Debug|Any CPU.Build.0 = Debug|Any CPU
		{52A6FF02-98C5-7451-BC13-63CEB615D007}.Release|Any CPU.ActiveCfg = Release|Any CPU
		{52A6FF02-98C5-7451-BC13-63CEB615D007}.Release|Any CPU.Build.0 = Release|Any CPU
		{E1DFE79F-1019-4C28-B396-9ACA436444CD}.Debug|Any CPU.ActiveCfg = Debug|Any CPU
		{E1DFE79F-1019-4C28-B396-9ACA436444CD}.Debug|Any CPU.Build.0 = Debug|Any CPU
		{E1DFE79F-1019-4C28-B396-9ACA436444CD}.Release|Any CPU.ActiveCfg = Release|Any CPU
		{E1DFE79F-1019-4C28-B396-9ACA436444CD}.Release|Any CPU.Build.0 = Release|Any CPU
		{4E2E336C-EF42-AD1D-0129-338AB7734DF1}.Debug|Any CPU.ActiveCfg = Debug|Any CPU
		{4E2E336C-EF42-AD1D-0129-338AB7734DF1}.Debug|Any CPU.Build.0 = Debug|Any CPU
		{4E2E336C-EF42-AD1D-0129-338AB7734DF1}.Release|Any CPU.ActiveCfg = Release|Any CPU
		{4E2E336C-EF42-AD1D-0129-338AB7734DF1}.Release|Any CPU.Build.0 = Release|Any CPU
		{89A83DE4-C3E4-9508-09D2-05A96A41821C}.Debug|Any CPU.ActiveCfg = Debug|Any CPU
		{89A83DE4-C3E4-9508-09D2-05A96A41821C}.Debug|Any CPU.Build.0 = Debug|Any CPU
		{89A83DE4-C3E4-9508-09D2-05A96A41821C}.Release|Any CPU.ActiveCfg = Release|Any CPU
		{89A83DE4-C3E4-9508-09D2-05A96A41821C}.Release|Any CPU.Build.0 = Release|Any CPU
		{E33243DD-98BB-A683-FADA-91006220F9DE}.Debug|Any CPU.ActiveCfg = Debug|Any CPU
		{E33243DD-98BB-A683-FADA-91006220F9DE}.Debug|Any CPU.Build.0 = Debug|Any CPU
		{E33243DD-98BB-A683-FADA-91006220F9DE}.Release|Any CPU.ActiveCfg = Release|Any CPU
		{E33243DD-98BB-A683-FADA-91006220F9DE}.Release|Any CPU.Build.0 = Release|Any CPU
		{31C78FE5-B549-3EDB-7276-7FA062ED33FA}.Debug|Any CPU.ActiveCfg = Debug|Any CPU
		{31C78FE5-B549-3EDB-7276-7FA062ED33FA}.Debug|Any CPU.Build.0 = Debug|Any CPU
		{31C78FE5-B549-3EDB-7276-7FA062ED33FA}.Release|Any CPU.ActiveCfg = Release|Any CPU
		{31C78FE5-B549-3EDB-7276-7FA062ED33FA}.Release|Any CPU.Build.0 = Release|Any CPU
		{89B1DB87-1B85-6A38-6BDC-E0F37D1A3D99}.Debug|Any CPU.ActiveCfg = Debug|Any CPU
		{89B1DB87-1B85-6A38-6BDC-E0F37D1A3D99}.Debug|Any CPU.Build.0 = Debug|Any CPU
		{89B1DB87-1B85-6A38-6BDC-E0F37D1A3D99}.Release|Any CPU.ActiveCfg = Release|Any CPU
		{89B1DB87-1B85-6A38-6BDC-E0F37D1A3D99}.Release|Any CPU.Build.0 = Release|Any CPU
		{96468C8C-4E33-4931-8A9C-36D688319C44}.Debug|Any CPU.ActiveCfg = Debug|Any CPU
		{96468C8C-4E33-4931-8A9C-36D688319C44}.Debug|Any CPU.Build.0 = Debug|Any CPU
		{96468C8C-4E33-4931-8A9C-36D688319C44}.Release|Any CPU.ActiveCfg = Release|Any CPU
		{96468C8C-4E33-4931-8A9C-36D688319C44}.Release|Any CPU.Build.0 = Release|Any CPU
		{535E50EE-A58D-4A35-86E7-74540A4548E4}.Debug|Any CPU.ActiveCfg = Debug|Any CPU
		{535E50EE-A58D-4A35-86E7-74540A4548E4}.Debug|Any CPU.Build.0 = Debug|Any CPU
		{535E50EE-A58D-4A35-86E7-74540A4548E4}.Release|Any CPU.ActiveCfg = Release|Any CPU
		{535E50EE-A58D-4A35-86E7-74540A4548E4}.Release|Any CPU.Build.0 = Release|Any CPU
		{181D2E8A-2B44-438F-BCBE-058A62751113}.Debug|Any CPU.ActiveCfg = Debug|Any CPU
		{181D2E8A-2B44-438F-BCBE-058A62751113}.Debug|Any CPU.Build.0 = Debug|Any CPU
		{181D2E8A-2B44-438F-BCBE-058A62751113}.Release|Any CPU.ActiveCfg = Release|Any CPU
		{181D2E8A-2B44-438F-BCBE-058A62751113}.Release|Any CPU.Build.0 = Release|Any CPU
		{C6417091-A389-3C3E-2E9A-C2BF7D89684D}.Debug|Any CPU.ActiveCfg = Debug|Any CPU
		{C6417091-A389-3C3E-2E9A-C2BF7D89684D}.Debug|Any CPU.Build.0 = Debug|Any CPU
		{C6417091-A389-3C3E-2E9A-C2BF7D89684D}.Release|Any CPU.ActiveCfg = Release|Any CPU
		{C6417091-A389-3C3E-2E9A-C2BF7D89684D}.Release|Any CPU.Build.0 = Release|Any CPU
		{B34EA26F-366B-48C5-94DE-8149D9115EF9}.Debug|Any CPU.ActiveCfg = Debug|Any CPU
		{B34EA26F-366B-48C5-94DE-8149D9115EF9}.Debug|Any CPU.Build.0 = Debug|Any CPU
		{B34EA26F-366B-48C5-94DE-8149D9115EF9}.Release|Any CPU.ActiveCfg = Release|Any CPU
		{B34EA26F-366B-48C5-94DE-8149D9115EF9}.Release|Any CPU.Build.0 = Release|Any CPU
		{635D332C-8A90-4634-B258-D31CFFC40F88}.Debug|Any CPU.ActiveCfg = Debug|Any CPU
		{635D332C-8A90-4634-B258-D31CFFC40F88}.Debug|Any CPU.Build.0 = Debug|Any CPU
		{635D332C-8A90-4634-B258-D31CFFC40F88}.Release|Any CPU.ActiveCfg = Release|Any CPU
		{635D332C-8A90-4634-B258-D31CFFC40F88}.Release|Any CPU.Build.0 = Release|Any CPU
		{83A18914-ACB3-4CE6-B9B2-1179839568E2}.Debug|Any CPU.ActiveCfg = Debug|Any CPU
		{83A18914-ACB3-4CE6-B9B2-1179839568E2}.Debug|Any CPU.Build.0 = Debug|Any CPU
		{83A18914-ACB3-4CE6-B9B2-1179839568E2}.Release|Any CPU.ActiveCfg = Release|Any CPU
		{83A18914-ACB3-4CE6-B9B2-1179839568E2}.Release|Any CPU.Build.0 = Release|Any CPU
		{CE839BB2-5F2A-4A00-A8A9-24BE511764FC}.Debug|Any CPU.ActiveCfg = Debug|Any CPU
		{CE839BB2-5F2A-4A00-A8A9-24BE511764FC}.Debug|Any CPU.Build.0 = Debug|Any CPU
		{CE839BB2-5F2A-4A00-A8A9-24BE511764FC}.Release|Any CPU.ActiveCfg = Release|Any CPU
		{CE839BB2-5F2A-4A00-A8A9-24BE511764FC}.Release|Any CPU.Build.0 = Release|Any CPU
		{FE4B957C-F682-41A5-BBDC-BEA8CF9B4CFB}.Debug|Any CPU.ActiveCfg = Debug|Any CPU
		{FE4B957C-F682-41A5-BBDC-BEA8CF9B4CFB}.Debug|Any CPU.Build.0 = Debug|Any CPU
		{FE4B957C-F682-41A5-BBDC-BEA8CF9B4CFB}.Release|Any CPU.ActiveCfg = Release|Any CPU
		{FE4B957C-F682-41A5-BBDC-BEA8CF9B4CFB}.Release|Any CPU.Build.0 = Release|Any CPU
		{4BCE55FD-2A5A-F5BC-B181-4587ADD3098D}.Debug|Any CPU.ActiveCfg = Debug|Any CPU
		{4BCE55FD-2A5A-F5BC-B181-4587ADD3098D}.Debug|Any CPU.Build.0 = Debug|Any CPU
		{4BCE55FD-2A5A-F5BC-B181-4587ADD3098D}.Release|Any CPU.ActiveCfg = Release|Any CPU
		{4BCE55FD-2A5A-F5BC-B181-4587ADD3098D}.Release|Any CPU.Build.0 = Release|Any CPU
		{4AED2C37-29AF-4795-AC4C-A1A1A7A99104}.Debug|Any CPU.ActiveCfg = Debug|Any CPU
		{4AED2C37-29AF-4795-AC4C-A1A1A7A99104}.Debug|Any CPU.Build.0 = Debug|Any CPU
		{4AED2C37-29AF-4795-AC4C-A1A1A7A99104}.Release|Any CPU.ActiveCfg = Release|Any CPU
		{4AED2C37-29AF-4795-AC4C-A1A1A7A99104}.Release|Any CPU.Build.0 = Release|Any CPU
		{B2A849FA-2754-9B1F-951B-CCF896842722}.Debug|Any CPU.ActiveCfg = Debug|Any CPU
		{B2A849FA-2754-9B1F-951B-CCF896842722}.Debug|Any CPU.Build.0 = Debug|Any CPU
		{B2A849FA-2754-9B1F-951B-CCF896842722}.Release|Any CPU.ActiveCfg = Release|Any CPU
		{B2A849FA-2754-9B1F-951B-CCF896842722}.Release|Any CPU.Build.0 = Release|Any CPU
		{AB317CC4-1867-4D9D-8626-A27BB2E473FE}.Debug|Any CPU.ActiveCfg = Debug|Any CPU
		{AB317CC4-1867-4D9D-8626-A27BB2E473FE}.Debug|Any CPU.Build.0 = Debug|Any CPU
		{AB317CC4-1867-4D9D-8626-A27BB2E473FE}.Release|Any CPU.ActiveCfg = Release|Any CPU
		{AB317CC4-1867-4D9D-8626-A27BB2E473FE}.Release|Any CPU.Build.0 = Release|Any CPU
	EndGlobalSection
	GlobalSection(SolutionProperties) = preSolution
		HideSolutionNode = FALSE
	EndGlobalSection
	GlobalSection(NestedProjects) = preSolution
		{77856302-3C06-715E-1207-8ADFB4319507} = {F3F3B2F3-6894-7B89-2837-28958321D26E}
		{E9D300DD-F041-47A8-B395-CF6E35D7A4C2} = {F3F3B2F3-6894-7B89-2837-28958321D26E}
		{83A54314-66FF-BEB0-B43C-AECB622A3FBE} = {F3F3B2F3-6894-7B89-2837-28958321D26E}
		{F341A40B-E691-3C3F-1D8B-F69A89FC2034} = {F3F3B2F3-6894-7B89-2837-28958321D26E}
		{F5CA958D-5D27-E0BC-9F15-689A84C85C30} = {F3F3B2F3-6894-7B89-2837-28958321D26E}
		{D94338C6-2FCB-8D23-8E04-B810C49A68AB} = {F3F3B2F3-6894-7B89-2837-28958321D26E}
		{051A7D15-8D15-40E3-8545-69AA89770F72} = {F3F3B2F3-6894-7B89-2837-28958321D26E}
		{655162E2-D195-3706-58EF-E96CFFF0905B} = {F3F3B2F3-6894-7B89-2837-28958321D26E}
		{D91A3C86-6107-8CB0-F92E-A1628064B1D0} = {F3F3B2F3-6894-7B89-2837-28958321D26E}
		{B41FE303-85FB-2473-5166-D1A3463B88F3} = {F3F3B2F3-6894-7B89-2837-28958321D26E}
		{861C6A54-7642-BAC5-98F3-231158C28DD1} = {F3F3B2F3-6894-7B89-2837-28958321D26E}
		{B6BEFF13-3DDF-87D9-C875-312EA5AA33DB} = {F3F3B2F3-6894-7B89-2837-28958321D26E}
		{425900A0-6CD3-247A-4E4A-A9F72E13C459} = {F3F3B2F3-6894-7B89-2837-28958321D26E}
		{53082AFD-6BB4-1E20-3885-E06E1D372D96} = {F3F3B2F3-6894-7B89-2837-28958321D26E}
		{03D2230D-8E96-BF32-3797-9EB2D1EA072F} = {F3F3B2F3-6894-7B89-2837-28958321D26E}
		{7B63C040-FFB9-6B21-083D-C1421D41EEF9} = {F3F3B2F3-6894-7B89-2837-28958321D26E}
		{5798703C-3EAD-6D3B-6B6B-4245F104D468} = {0FCE66A8-8235-F72D-3039-D73779CB998D}
		{280328D7-E9FC-659F-FE48-25CEF12E757E} = {997A92DC-0544-06E6-688C-4D1D9681F12C}
		{BB9C03A7-E947-1BFE-7258-A8BB1AF6DB7D} = {997A92DC-0544-06E6-688C-4D1D9681F12C}
		{F31BCE19-FD4A-4F5A-C520-B0C02333373C} = {997A92DC-0544-06E6-688C-4D1D9681F12C}
		{40433432-EA5C-42CE-B2C8-79DD2EC17162} = {997A92DC-0544-06E6-688C-4D1D9681F12C}
		{D4A06801-371C-4474-94EF-97824D61294E} = {997A92DC-0544-06E6-688C-4D1D9681F12C}
		{02F16057-EA75-C646-1CFD-CD375E17C77D} = {997A92DC-0544-06E6-688C-4D1D9681F12C}
		{DA6258BB-E5E6-4175-80F3-AB9815682F86} = {997A92DC-0544-06E6-688C-4D1D9681F12C}
		{8B75158E-A6DD-46BB-9030-BF84C80BF7CC} = {997A92DC-0544-06E6-688C-4D1D9681F12C}
		{FEF62028-9A0A-42EE-B13B-E19F9B73A5BD} = {997A92DC-0544-06E6-688C-4D1D9681F12C}
		{D9C0B511-25EB-4009-A784-D52FB980CCF3} = {997A92DC-0544-06E6-688C-4D1D9681F12C}
		{98102D95-59EA-40C8-BEA4-96CA5A4F9079} = {997A92DC-0544-06E6-688C-4D1D9681F12C}
		{E0F16569-B385-86AA-10CA-A2D4D62559EF} = {997A92DC-0544-06E6-688C-4D1D9681F12C}
		{AFCB5178-AB7E-49D8-8C5F-A7FF0C2663E6} = {997A92DC-0544-06E6-688C-4D1D9681F12C}
		{20B977D8-877F-4C84-A280-D6F4208AF0B9} = {997A92DC-0544-06E6-688C-4D1D9681F12C}
		{BC28A13A-5CCD-4B4C-886D-0CD632BAA6A6} = {997A92DC-0544-06E6-688C-4D1D9681F12C}
		{2F650A6A-0EA4-0541-2F4A-9712F794F126} = {997A92DC-0544-06E6-688C-4D1D9681F12C}
		{52A6FF02-98C5-7451-BC13-63CEB615D007} = {997A92DC-0544-06E6-688C-4D1D9681F12C}
		{E1DFE79F-1019-4C28-B396-9ACA436444CD} = {997A92DC-0544-06E6-688C-4D1D9681F12C}
		{4E2E336C-EF42-AD1D-0129-338AB7734DF1} = {997A92DC-0544-06E6-688C-4D1D9681F12C}
		{89A83DE4-C3E4-9508-09D2-05A96A41821C} = {997A92DC-0544-06E6-688C-4D1D9681F12C}
		{E33243DD-98BB-A683-FADA-91006220F9DE} = {997A92DC-0544-06E6-688C-4D1D9681F12C}
		{31C78FE5-B549-3EDB-7276-7FA062ED33FA} = {997A92DC-0544-06E6-688C-4D1D9681F12C}
		{89B1DB87-1B85-6A38-6BDC-E0F37D1A3D99} = {997A92DC-0544-06E6-688C-4D1D9681F12C}
		{96468C8C-4E33-4931-8A9C-36D688319C44} = {997A92DC-0544-06E6-688C-4D1D9681F12C}
		{535E50EE-A58D-4A35-86E7-74540A4548E4} = {997A92DC-0544-06E6-688C-4D1D9681F12C}
		{181D2E8A-2B44-438F-BCBE-058A62751113} = {997A92DC-0544-06E6-688C-4D1D9681F12C}
		{C6417091-A389-3C3E-2E9A-C2BF7D89684D} = {997A92DC-0544-06E6-688C-4D1D9681F12C}
		{B34EA26F-366B-48C5-94DE-8149D9115EF9} = {997A92DC-0544-06E6-688C-4D1D9681F12C}
		{635D332C-8A90-4634-B258-D31CFFC40F88} = {997A92DC-0544-06E6-688C-4D1D9681F12C}
		{83A18914-ACB3-4CE6-B9B2-1179839568E2} = {997A92DC-0544-06E6-688C-4D1D9681F12C}
		{CE839BB2-5F2A-4A00-A8A9-24BE511764FC} = {997A92DC-0544-06E6-688C-4D1D9681F12C}
		{FE4B957C-F682-41A5-BBDC-BEA8CF9B4CFB} = {997A92DC-0544-06E6-688C-4D1D9681F12C}
		{4BCE55FD-2A5A-F5BC-B181-4587ADD3098D} = {15FFA8E7-DF0B-7AE9-1E07-2369D69EEB9B}
		{4AED2C37-29AF-4795-AC4C-A1A1A7A99104} = {15FFA8E7-DF0B-7AE9-1E07-2369D69EEB9B}
		{B2A849FA-2754-9B1F-951B-CCF896842722} = {896E8CC0-2483-6EB0-203E-E8AEE0B21B86}
		{AB317CC4-1867-4D9D-8626-A27BB2E473FE} = {997A92DC-0544-06E6-688C-4D1D9681F12C}
	EndGlobalSection
	GlobalSection(SharedMSBuildProjectFiles) = preSolution
		Plugin-Shared\Plugin-Shared.projitems*{03d2230d-8e96-bf32-3797-9eb2d1ea072f}*SharedItemsImports = 5
		Plugin-Shared\Plugin-Shared.projitems*{425900a0-6cd3-247a-4e4a-a9f72e13c459}*SharedItemsImports = 5
		Plugin-Shared\Plugin-Shared.projitems*{53082afd-6bb4-1e20-3885-e06e1d372d96}*SharedItemsImports = 5
		Plugin-Shared\Plugin-Shared.projitems*{655162e2-d195-3706-58ef-e96cfff0905b}*SharedItemsImports = 5
		Plugin-Shared\Plugin-Shared.projitems*{77856302-3c06-715e-1207-8adfb4319507}*SharedItemsImports = 5
		Plugin-Shared\Plugin-Shared.projitems*{7b63c040-ffb9-6b21-083d-c1421d41eef9}*SharedItemsImports = 5
		Plugin-Shared\Plugin-Shared.projitems*{861c6a54-7642-bac5-98f3-231158c28dd1}*SharedItemsImports = 5
		Plugin-Shared\Plugin-Shared.projitems*{b6beff13-3ddf-87d9-c875-312ea5aa33db}*SharedItemsImports = 13
		Plugin-Shared\Plugin-Shared.projitems*{d91a3c86-6107-8cb0-f92e-a1628064b1d0}*SharedItemsImports = 5
		Plugin-Shared\Plugin-Shared.projitems*{d94338c6-2fcb-8d23-8e04-b810c49a68ab}*SharedItemsImports = 5
		Plugin-Shared\Plugin-Shared.projitems*{e9d300dd-f041-47a8-b395-cf6e35d7a4c2}*SharedItemsImports = 5
		Plugin-Shared\Plugin-Shared.projitems*{f341a40b-e691-3c3f-1d8b-f69a89fc2034}*SharedItemsImports = 5
		Plugin-Shared\Plugin-Shared.projitems*{f5ca958d-5d27-e0bc-9f15-689a84c85c30}*SharedItemsImports = 5
	EndGlobalSection
EndGlobal
