
Microsoft Visual Studio Solution File, Format Version 12.00
Project("{FAE04EC0-301F-11D3-BF4B-00C04F79EFBC}") = "Plugin-Updater", "Plugin-Updater\Plugin-Updater.csproj", "{F45FB628-CE21-A333-E454-FF7CED0442CB}"
EndProject
Project("{2150E333-8FDC-42A3-9474-1A3956D46DE8}") = ".Solution Items", ".Solution Items", "{427DB63A-DE9F-4729-200B-9F09D838A0E0}"
	ProjectSection(SolutionItems) = preProject
		..\.gitignore = ..\.gitignore
		Directory.Build.Props = Directory.Build.Props
		Directory.Build.targets = Directory.Build.targets
		Directory.Packages.props = Directory.Packages.props
		..\LICENSE.txt = ..\LICENSE.txt
		..\Plugins2.xml = ..\Plugins2.xml
		..\Plugins4.xml = ..\Plugins4.xml
		..\README.md = ..\README.md
		zip-plugin-files.ps1 = zip-plugin-files.ps1
	EndProjectSection
EndProject
Project("{2150E333-8FDC-42A3-9474-1A3956D46DE8}") = "github-workflows", "github-workflows", "{8F64A3D5-E29C-DCB1-BB30-051B3C94DC28}"
	ProjectSection(SolutionItems) = preProject
		..\.github\workflows\main.yml = ..\.github\workflows\main.yml
	EndProjectSection
EndProject
Project("{2150E333-8FDC-42A3-9474-1A3956D46DE8}") = "Ivandrofly", "Ivandrofly", "{F3F3B2F3-6894-7B89-2837-28958321D26E}"
EndProject
Project("{FAE04EC0-301F-11D3-BF4B-00C04F79EFBC}") = "Commas", "Commas\Commas.csproj", "{B28847E2-941C-95AD-C7E3-EB112C160D28}"
EndProject
Project("{FAE04EC0-301F-11D3-BF4B-00C04F79EFBC}") = "DialogueAutoMarker", "DialogueAutoMarker\DialogueAutoMarker.csproj", "{77856302-3C06-715E-1207-8ADFB4319507}"
EndProject
Project("{FAE04EC0-301F-11D3-BF4B-00C04F79EFBC}") = "DictionariesProvider", "DictionariesProvider\DictionariesProvider.csproj", "{E09CBC32-BCD0-FAEA-7566-07187DE8F56E}"
EndProject
Project("{FAE04EC0-301F-11D3-BF4B-00C04F79EFBC}") = "ExposeSEApi", "ExposeSEApi\ExposeSEApi.csproj", "{83A54314-66FF-BEB0-B43C-AECB622A3FBE}"
EndProject
Project("{FAE04EC0-301F-11D3-BF4B-00C04F79EFBC}") = "HI2UC", "HI2UC\HI2UC.csproj", "{F341A40B-E691-3C3F-1D8B-F69A89FC2034}"
EndProject
Project("{FAE04EC0-301F-11D3-BF4B-00C04F79EFBC}") = "HIColorer", "HIColorer\HIColorer.csproj", "{F5CA958D-5D27-E0BC-9F15-689A84C85C30}"
EndProject
Project("{FAE04EC0-301F-11D3-BF4B-00C04F79EFBC}") = "JackSE", "JackSE\JackSE.csproj", "{D94338C6-2FCB-8D23-8E04-B810C49A68AB}"
EndProject
Project("{FAE04EC0-301F-11D3-BF4B-00C04F79EFBC}") = "LibSeBasedPlugin", "LibSeBasedPlugin\LibSeBasedPlugin.csproj", "{B9972DA2-474C-E8BE-C101-50E6ECA382FE}"
EndProject
Project("{FAE04EC0-301F-11D3-BF4B-00C04F79EFBC}") = "LinesUnbreaker", "LinesUnbreaker\LinesUnbreaker.csproj", "{655162E2-D195-3706-58EF-E96CFFF0905B}"
EndProject
Project("{FAE04EC0-301F-11D3-BF4B-00C04F79EFBC}") = "NarratorOutParentheses", "NarratorOutParentheses\NarratorOutParentheses.csproj", "{D91A3C86-6107-8CB0-F92E-A1628064B1D0}"
EndProject
Project("{FAE04EC0-301F-11D3-BF4B-00C04F79EFBC}") = "NoRecursiveDash", "NoRecursiveDash\NoRecursiveDash.csproj", "{B41FE303-85FB-2473-5166-D1A3463B88F3}"
EndProject
Project("{FAE04EC0-301F-11D3-BF4B-00C04F79EFBC}") = "OnlineCasing", "OnlineCasing\OnlineCasing.csproj", "{861C6A54-7642-BAC5-98F3-231158C28DD1}"
EndProject
Project("{D954291E-2A0B-460D-934E-DC6B0785DB48}") = "Plugin-Shared", "Plugin-Shared\Plugin-Shared.shproj", "{B6BEFF13-3DDF-87D9-C875-312EA5AA33DB}"
EndProject
Project("{FAE04EC0-301F-11D3-BF4B-00C04F79EFBC}") = "ExportAllFormats", "SaveAllFormat\ExportAllFormats.csproj", "{425900A0-6CD3-247A-4E4A-A9F72E13C459}"
EndProject
Project("{FAE04EC0-301F-11D3-BF4B-00C04F79EFBC}") = "TightHyphen", "TightHyphen\TightHyphen.csproj", "{53082AFD-6BB4-1E20-3885-E06E1D372D96}"
EndProject
Project("{FAE04EC0-301F-11D3-BF4B-00C04F79EFBC}") = "TriggerOnLoad", "TriggerOnLoad\TriggerOnLoad.csproj", "{03D2230D-8E96-BF32-3797-9EB2D1EA072F}"
EndProject
Project("{FAE04EC0-301F-11D3-BF4B-00C04F79EFBC}") = "WordCensor", "WordCensor\WordCensor.csproj", "{7B63C040-FFB9-6B21-083D-C1421D41EEF9}"
EndProject
Project("{2150E333-8FDC-42A3-9474-1A3956D46DE8}") = "MSasanMH", "MSasanMH", "{0FCE66A8-8235-F72D-3039-D73779CB998D}"
EndProject
Project("{FAE04EC0-301F-11D3-BF4B-00C04F79EFBC}") = "PersianErrors", "PersianErrors\PersianErrors.csproj", "{5798703C-3EAD-6D3B-6B6B-4245F104D468}"
EndProject
Project("{2150E333-8FDC-42A3-9474-1A3956D46DE8}") = "Nikse", "Nikse", "{997A92DC-0544-06E6-688C-4D1D9681F12C}"
EndProject
Project("{FAE04EC0-301F-11D3-BF4B-00C04F79EFBC}") = "AmericanToBritish", "AmericanToBritish\DLL\AmericanToBritish.csproj", "{280328D7-E9FC-659F-FE48-25CEF12E757E}"
EndProject
Project("{FAE04EC0-301F-11D3-BF4B-00C04F79EFBC}") = "AssaDraw", "AssaDraw\DLL\AssaDraw.csproj", "{BB9C03A7-E947-1BFE-7258-A8BB1AF6DB7D}"
EndProject
Project("{FAE04EC0-301F-11D3-BF4B-00C04F79EFBC}") = "AssaFade", "AssaFade\DLL\AssaFade.csproj", "{F31BCE19-FD4A-4F5A-C520-B0C02333373C}"
EndProject
Project("{FAE04EC0-301F-11D3-BF4B-00C04F79EFBC}") = "BaiduTranslate", "BaiduTranslate\DLL\BaiduTranslate.csproj", "{B4919D86-E6D0-0C7C-3141-BC0916EC9586}"
EndProject
Project("{FAE04EC0-301F-11D3-BF4B-00C04F79EFBC}") = "BTScreenScraper", "BTScreenScraper\DLL\BTScreenScraper.csproj", "{7DE2305B-D653-C0D2-25C1-519708241212}"
EndProject
Project("{FAE04EC0-301F-11D3-BF4B-00C04F79EFBC}") = "CheckLineWidth", "CheckLineWidth\DLL\CheckLineWidth.csproj", "{02F16057-EA75-C646-1CFD-CD375E17C77D}"
EndProject
Project("{FAE04EC0-301F-11D3-BF4B-00C04F79EFBC}") = "ColorToDialog", "ColorToDialog\DLL\ColorToDialog.csproj", "{3473ECE5-ADA6-BB47-14F9-593BA50F5C10}"
EndProject
Project("{FAE04EC0-301F-11D3-BF4B-00C04F79EFBC}") = "CopyPasteTranslate", "CopyPasteTranslate\DLL\CopyPasteTranslate.csproj", "{AC3D412E-862D-2038-46C1-8A9F100B1DBD}"
EndProject
Project("{FAE04EC0-301F-11D3-BF4B-00C04F79EFBC}") = "DeeplProTranslate", "DeeplProTranslate\DLL\DeeplProTranslate.csproj", "{39CF8BDE-5DD8-0DFC-53FA-492C8796D14E}"
EndProject
Project("{FAE04EC0-301F-11D3-BF4B-00C04F79EFBC}") = "DeepLScreenScraper", "DeepLScreenScraper\DLL\DeepLScreenScraper.csproj", "{43411C68-3FCF-FA8D-835E-91E4A8C894B5}"
EndProject
Project("{FAE04EC0-301F-11D3-BF4B-00C04F79EFBC}") = "DeeplTranslate", "DeeplTranslate\DLL\DeeplTranslate.csproj", "{38EE5ED5-FEE8-74C2-5716-8A784A23EDDE}"
EndProject
Project("{FAE04EC0-301F-11D3-BF4B-00C04F79EFBC}") = "DialogueOneHyphen", "DialogueOneHyphen\DLL\DialogueOneHyphen.csproj", "{E0F16569-B385-86AA-10CA-A2D4D62559EF}"
EndProject
Project("{FAE04EC0-301F-11D3-BF4B-00C04F79EFBC}") = "DropBoxLoad", "DropBoxLoad\DropBoxLoad.csproj", "{B20A0A0D-AF71-7444-CB20-84CC411FA5AB}"
EndProject
Project("{FAE04EC0-301F-11D3-BF4B-00C04F79EFBC}") = "DropBoxSave", "DropBoxSave\DropBoxSave.csproj", "{2285A35D-9318-86D8-EFAC-5179F3FFAC08}"
EndProject
Project("{FAE04EC0-301F-11D3-BF4B-00C04F79EFBC}") = "GTScreenScraper", "GTScreenScraper\DLL\GTScreenScraper.csproj", "{BFA968D2-D957-FC03-815A-FF882F55C63E}"
EndProject
Project("{FAE04EC0-301F-11D3-BF4B-00C04F79EFBC}") = "Haxor", "Haxor\DLL\Haxor.csproj", "{2F650A6A-0EA4-0541-2F4A-9712F794F126}"
EndProject
Project("{FAE04EC0-301F-11D3-BF4B-00C04F79EFBC}") = "IspraviMe", "IspraviMeTranslate\DLL\IspraviMe.csproj", "{52A6FF02-98C5-7451-BC13-63CEB615D007}"
EndProject
Project("{FAE04EC0-301F-11D3-BF4B-00C04F79EFBC}") = "ItalicEachLine", "ItalicEachLine\DLL\ItalicEachLine.csproj", "{DC0EDDE3-FBF4-2E90-EBB5-8A9382D1CEF0}"
EndProject
Project("{FAE04EC0-301F-11D3-BF4B-00C04F79EFBC}") = "LoadFormatting", "LoadFormatting\DLL\LoadFormatting.csproj", "{4E2E336C-EF42-AD1D-0129-338AB7734DF1}"
EndProject
Project("{FAE04EC0-301F-11D3-BF4B-00C04F79EFBC}") = "MergeTwoSrtToAss", "MergeTwoSrtToAss\DLL\MergeTwoSrtToAss.csproj", "{89A83DE4-C3E4-9508-09D2-05A96A41821C}"
EndProject
Project("{FAE04EC0-301F-11D3-BF4B-00C04F79EFBC}") = "NameListManager", "NamesListManager\DLL\NameListManager.csproj", "{E33243DD-98BB-A683-FADA-91006220F9DE}"
EndProject
Project("{FAE04EC0-301F-11D3-BF4B-00C04F79EFBC}") = "NetflixRulesCheck", "NetflixRulesCheck\DLL\NetflixRulesCheck.csproj", "{31C78FE5-B549-3EDB-7276-7FA062ED33FA}"
EndProject
Project("{FAE04EC0-301F-11D3-BF4B-00C04F79EFBC}") = "OcrListManager", "OcrListManager\DLL\OcrListManager.csproj", "{89B1DB87-1B85-6A38-6BDC-E0F37D1A3D99}"
EndProject
Project("{FAE04EC0-301F-11D3-BF4B-00C04F79EFBC}") = "OpenSubtitlesUpload", "OpenSubtitlesUpload\DLL\OpenSubtitlesUpload.csproj", "{3091A2BA-5F26-B2F3-0C46-3A39E563776A}"
EndProject
Project("{FAE04EC0-301F-11D3-BF4B-00C04F79EFBC}") = "PapagoTranslate", "PapagoTranslate\DLL\PapagoTranslate.csproj", "{115D7A5A-BF72-C221-06B3-4D2ADA97EBA7}"
EndProject
Project("{FAE04EC0-301F-11D3-BF4B-00C04F79EFBC}") = "PromptTranslate", "PromptTranslate\DLL\PromptTranslate.csproj", "{2AC49168-79DE-9AA9-AB5B-F035F0F3DBBE}"
EndProject
Project("{FAE04EC0-301F-11D3-BF4B-00C04F79EFBC}") = "RemoveUnicodeCharacters", "RemoveUnicodeCharacters\DLL\RemoveUnicodeCharacters.csproj", "{C6417091-A389-3C3E-2E9A-C2BF7D89684D}"
EndProject
Project("{FAE04EC0-301F-11D3-BF4B-00C04F79EFBC}") = "ReverseText", "ReverseText\DLL\ReverseText.csproj", "{D57A2F9E-5A4B-E87A-908B-6CAB3004A36F}"
EndProject
Project("{FAE04EC0-301F-11D3-BF4B-00C04F79EFBC}") = "ReversoTranslate", "ReversoTranslate\DLL\ReversoTranslate.csproj", "{62F95CAA-97AE-4E01-FF1B-7420448159DD}"
EndProject
Project("{FAE04EC0-301F-11D3-BF4B-00C04F79EFBC}") = "OneDriveLoad", "SeSkydriveLoad\OneDriveLoad.csproj", "{53807B93-A49F-D1FF-42F9-262ABB163DBD}"
EndProject
Project("{FAE04EC0-301F-11D3-BF4B-00C04F79EFBC}") = "OneDriveSave", "SeSkydriveSave\OneDriveSave.csproj", "{E4C5D531-4243-A9D8-E98A-CE4036AAB0E1}"
EndProject
Project("{FAE04EC0-301F-11D3-BF4B-00C04F79EFBC}") = "WordSpellCheck", "WordSpellCheck\WordSpellCheck.csproj", "{87475701-5DD4-2D26-E88E-97712E3DECFC}"
EndProject
Project("{FAE04EC0-301F-11D3-BF4B-00C04F79EFBC}") = "YandexTranslate", "YandexTranslate\DLL\YandexTranslate.csproj", "{B8D6E709-994E-44E2-CE79-C556D36FF4D7}"
EndProject
Project("{2150E333-8FDC-42A3-9474-1A3956D46DE8}") = "Tester", "Tester", "{15FFA8E7-DF0B-7AE9-1E07-2369D69EEB9B}"
EndProject
Project("{FAE04EC0-301F-11D3-BF4B-00C04F79EFBC}") = "GenericPluginTester", "GenericPluginTester\GenericPluginTester.csproj", "{4BCE55FD-2A5A-F5BC-B181-4587ADD3098D}"
EndProject
Project("{FAE04EC0-301F-11D3-BF4B-00C04F79EFBC}") = "UnitTests", "UnitTests\UnitTests.csproj", "{6E2561A6-A9A0-8B76-749F-D9DB18D15A3F}"
EndProject
Project("{2150E333-8FDC-42A3-9474-1A3956D46DE8}") = "Xylographe", "Xylographe", "{896E8CC0-2483-6EB0-203E-E8AEE0B21B86}"
EndProject
Project("{FAE04EC0-301F-11D3-BF4B-00C04F79EFBC}") = "VobSubTimestamps", "VobSubTimestamps\DLL\VobSubTimestamps.csproj", "{B2A849FA-2754-9B1F-951B-CCF896842722}"
EndProject
Global
	GlobalSection(SolutionConfigurationPlatforms) = preSolution
		Debug|Any CPU = Debug|Any CPU
		Release|Any CPU = Release|Any CPU
	EndGlobalSection
	GlobalSection(ProjectConfigurationPlatforms) = postSolution
		{F45FB628-CE21-A333-E454-FF7CED0442CB}.Debug|Any CPU.ActiveCfg = Debug|Any CPU
		{F45FB628-CE21-A333-E454-FF7CED0442CB}.Debug|Any CPU.Build.0 = Debug|Any CPU
		{F45FB628-CE21-A333-E454-FF7CED0442CB}.Release|Any CPU.ActiveCfg = Release|Any CPU
		{F45FB628-CE21-A333-E454-FF7CED0442CB}.Release|Any CPU.Build.0 = Release|Any CPU
		{B28847E2-941C-95AD-C7E3-EB112C160D28}.Debug|Any CPU.ActiveCfg = Debug|Any CPU
		{B28847E2-941C-95AD-C7E3-EB112C160D28}.Debug|Any CPU.Build.0 = Debug|Any CPU
		{B28847E2-941C-95AD-C7E3-EB112C160D28}.Release|Any CPU.ActiveCfg = Release|Any CPU
		{B28847E2-941C-95AD-C7E3-EB112C160D28}.Release|Any CPU.Build.0 = Release|Any CPU
		{77856302-3C06-715E-1207-8ADFB4319507}.Debug|Any CPU.ActiveCfg = Debug|Any CPU
		{77856302-3C06-715E-1207-8ADFB4319507}.Debug|Any CPU.Build.0 = Debug|Any CPU
		{77856302-3C06-715E-1207-8ADFB4319507}.Release|Any CPU.ActiveCfg = Release|Any CPU
		{77856302-3C06-715E-1207-8ADFB4319507}.Release|Any CPU.Build.0 = Release|Any CPU
		{E09CBC32-BCD0-FAEA-7566-07187DE8F56E}.Debug|Any CPU.ActiveCfg = Debug|Any CPU
		{E09CBC32-BCD0-FAEA-7566-07187DE8F56E}.Debug|Any CPU.Build.0 = Debug|Any CPU
		{E09CBC32-BCD0-FAEA-7566-07187DE8F56E}.Release|Any CPU.ActiveCfg = Release|Any CPU
		{E09CBC32-BCD0-FAEA-7566-07187DE8F56E}.Release|Any CPU.Build.0 = Release|Any CPU
		{83A54314-66FF-BEB0-B43C-AECB622A3FBE}.Debug|Any CPU.ActiveCfg = Debug|Any CPU
		{83A54314-66FF-BEB0-B43C-AECB622A3FBE}.Debug|Any CPU.Build.0 = Debug|Any CPU
		{83A54314-66FF-BEB0-B43C-AECB622A3FBE}.Release|Any CPU.ActiveCfg = Release|Any CPU
		{83A54314-66FF-BEB0-B43C-AECB622A3FBE}.Release|Any CPU.Build.0 = Release|Any CPU
		{F341A40B-E691-3C3F-1D8B-F69A89FC2034}.Debug|Any CPU.ActiveCfg = Debug|Any CPU
		{F341A40B-E691-3C3F-1D8B-F69A89FC2034}.Debug|Any CPU.Build.0 = Debug|Any CPU
		{F341A40B-E691-3C3F-1D8B-F69A89FC2034}.Release|Any CPU.ActiveCfg = Release|Any CPU
		{F341A40B-E691-3C3F-1D8B-F69A89FC2034}.Release|Any CPU.Build.0 = Release|Any CPU
		{F5CA958D-5D27-E0BC-9F15-689A84C85C30}.Debug|Any CPU.ActiveCfg = Debug|Any CPU
		{F5CA958D-5D27-E0BC-9F15-689A84C85C30}.Debug|Any CPU.Build.0 = Debug|Any CPU
		{F5CA958D-5D27-E0BC-9F15-689A84C85C30}.Release|Any CPU.ActiveCfg = Release|Any CPU
		{F5CA958D-5D27-E0BC-9F15-689A84C85C30}.Release|Any CPU.Build.0 = Release|Any CPU
		{D94338C6-2FCB-8D23-8E04-B810C49A68AB}.Debug|Any CPU.ActiveCfg = Debug|Any CPU
		{D94338C6-2FCB-8D23-8E04-B810C49A68AB}.Debug|Any CPU.Build.0 = Debug|Any CPU
		{D94338C6-2FCB-8D23-8E04-B810C49A68AB}.Release|Any CPU.ActiveCfg = Release|Any CPU
		{D94338C6-2FCB-8D23-8E04-B810C49A68AB}.Release|Any CPU.Build.0 = Release|Any CPU
		{B9972DA2-474C-E8BE-C101-50E6ECA382FE}.Debug|Any CPU.ActiveCfg = Debug|Any CPU
		{B9972DA2-474C-E8BE-C101-50E6ECA382FE}.Debug|Any CPU.Build.0 = Debug|Any CPU
		{B9972DA2-474C-E8BE-C101-50E6ECA382FE}.Release|Any CPU.ActiveCfg = Release|Any CPU
		{B9972DA2-474C-E8BE-C101-50E6ECA382FE}.Release|Any CPU.Build.0 = Release|Any CPU
		{655162E2-D195-3706-58EF-E96CFFF0905B}.Debug|Any CPU.ActiveCfg = Debug|Any CPU
		{655162E2-D195-3706-58EF-E96CFFF0905B}.Debug|Any CPU.Build.0 = Debug|Any CPU
		{655162E2-D195-3706-58EF-E96CFFF0905B}.Release|Any CPU.ActiveCfg = Release|Any CPU
		{655162E2-D195-3706-58EF-E96CFFF0905B}.Release|Any CPU.Build.0 = Release|Any CPU
		{D91A3C86-6107-8CB0-F92E-A1628064B1D0}.Debug|Any CPU.ActiveCfg = Debug|Any CPU
		{D91A3C86-6107-8CB0-F92E-A1628064B1D0}.Debug|Any CPU.Build.0 = Debug|Any CPU
		{D91A3C86-6107-8CB0-F92E-A1628064B1D0}.Release|Any CPU.ActiveCfg = Release|Any CPU
		{D91A3C86-6107-8CB0-F92E-A1628064B1D0}.Release|Any CPU.Build.0 = Release|Any CPU
		{B41FE303-85FB-2473-5166-D1A3463B88F3}.Debug|Any CPU.ActiveCfg = Debug|Any CPU
		{B41FE303-85FB-2473-5166-D1A3463B88F3}.Debug|Any CPU.Build.0 = Debug|Any CPU
		{B41FE303-85FB-2473-5166-D1A3463B88F3}.Release|Any CPU.ActiveCfg = Release|Any CPU
		{B41FE303-85FB-2473-5166-D1A3463B88F3}.Release|Any CPU.Build.0 = Release|Any CPU
		{861C6A54-7642-BAC5-98F3-231158C28DD1}.Debug|Any CPU.ActiveCfg = Debug|Any CPU
		{861C6A54-7642-BAC5-98F3-231158C28DD1}.Debug|Any CPU.Build.0 = Debug|Any CPU
		{861C6A54-7642-BAC5-98F3-231158C28DD1}.Release|Any CPU.ActiveCfg = Release|Any CPU
		{861C6A54-7642-BAC5-98F3-231158C28DD1}.Release|Any CPU.Build.0 = Release|Any CPU
		{B6BEFF13-3DDF-87D9-C875-312EA5AA33DB}.Debug|Any CPU.ActiveCfg = Debug|Any CPU
		{B6BEFF13-3DDF-87D9-C875-312EA5AA33DB}.Debug|Any CPU.Build.0 = Debug|Any CPU
		{B6BEFF13-3DDF-87D9-C875-312EA5AA33DB}.Release|Any CPU.ActiveCfg = Release|Any CPU
		{B6BEFF13-3DDF-87D9-C875-312EA5AA33DB}.Release|Any CPU.Build.0 = Release|Any CPU
		{425900A0-6CD3-247A-4E4A-A9F72E13C459}.Debug|Any CPU.ActiveCfg = Debug|Any CPU
		{425900A0-6CD3-247A-4E4A-A9F72E13C459}.Debug|Any CPU.Build.0 = Debug|Any CPU
		{425900A0-6CD3-247A-4E4A-A9F72E13C459}.Release|Any CPU.ActiveCfg = Release|Any CPU
		{425900A0-6CD3-247A-4E4A-A9F72E13C459}.Release|Any CPU.Build.0 = Release|Any CPU
		{53082AFD-6BB4-1E20-3885-E06E1D372D96}.Debug|Any CPU.ActiveCfg = Debug|Any CPU
		{53082AFD-6BB4-1E20-3885-E06E1D372D96}.Debug|Any CPU.Build.0 = Debug|Any CPU
		{53082AFD-6BB4-1E20-3885-E06E1D372D96}.Release|Any CPU.ActiveCfg = Release|Any CPU
		{53082AFD-6BB4-1E20-3885-E06E1D372D96}.Release|Any CPU.Build.0 = Release|Any CPU
		{03D2230D-8E96-BF32-3797-9EB2D1EA072F}.Debug|Any CPU.ActiveCfg = Debug|Any CPU
		{03D2230D-8E96-BF32-3797-9EB2D1EA072F}.Debug|Any CPU.Build.0 = Debug|Any CPU
		{03D2230D-8E96-BF32-3797-9EB2D1EA072F}.Release|Any CPU.ActiveCfg = Release|Any CPU
		{03D2230D-8E96-BF32-3797-9EB2D1EA072F}.Release|Any CPU.Build.0 = Release|Any CPU
		{7B63C040-FFB9-6B21-083D-C1421D41EEF9}.Debug|Any CPU.ActiveCfg = Debug|Any CPU
		{7B63C040-FFB9-6B21-083D-C1421D41EEF9}.Debug|Any CPU.Build.0 = Debug|Any CPU
		{7B63C040-FFB9-6B21-083D-C1421D41EEF9}.Release|Any CPU.ActiveCfg = Release|Any CPU
		{7B63C040-FFB9-6B21-083D-C1421D41EEF9}.Release|Any CPU.Build.0 = Release|Any CPU
		{5798703C-3EAD-6D3B-6B6B-4245F104D468}.Debug|Any CPU.ActiveCfg = Debug|Any CPU
		{5798703C-3EAD-6D3B-6B6B-4245F104D468}.Debug|Any CPU.Build.0 = Debug|Any CPU
		{5798703C-3EAD-6D3B-6B6B-4245F104D468}.Release|Any CPU.ActiveCfg = Release|Any CPU
		{5798703C-3EAD-6D3B-6B6B-4245F104D468}.Release|Any CPU.Build.0 = Release|Any CPU
		{280328D7-E9FC-659F-FE48-25CEF12E757E}.Debug|Any CPU.ActiveCfg = Debug|Any CPU
		{280328D7-E9FC-659F-FE48-25CEF12E757E}.Debug|Any CPU.Build.0 = Debug|Any CPU
		{280328D7-E9FC-659F-FE48-25CEF12E757E}.Release|Any CPU.ActiveCfg = Release|Any CPU
		{280328D7-E9FC-659F-FE48-25CEF12E757E}.Release|Any CPU.Build.0 = Release|Any CPU
		{BB9C03A7-E947-1BFE-7258-A8BB1AF6DB7D}.Debug|Any CPU.ActiveCfg = Debug|Any CPU
		{BB9C03A7-E947-1BFE-7258-A8BB1AF6DB7D}.Debug|Any CPU.Build.0 = Debug|Any CPU
		{BB9C03A7-E947-1BFE-7258-A8BB1AF6DB7D}.Release|Any CPU.ActiveCfg = Release|Any CPU
		{BB9C03A7-E947-1BFE-7258-A8BB1AF6DB7D}.Release|Any CPU.Build.0 = Release|Any CPU
		{F31BCE19-FD4A-4F5A-C520-B0C02333373C}.Debug|Any CPU.ActiveCfg = Debug|Any CPU
		{F31BCE19-FD4A-4F5A-C520-B0C02333373C}.Debug|Any CPU.Build.0 = Debug|Any CPU
		{F31BCE19-FD4A-4F5A-C520-B0C02333373C}.Release|Any CPU.ActiveCfg = Release|Any CPU
		{F31BCE19-FD4A-4F5A-C520-B0C02333373C}.Release|Any CPU.Build.0 = Release|Any CPU
		{B4919D86-E6D0-0C7C-3141-BC0916EC9586}.Debug|Any CPU.ActiveCfg = Debug|Any CPU
		{B4919D86-E6D0-0C7C-3141-BC0916EC9586}.Debug|Any CPU.Build.0 = Debug|Any CPU
		{B4919D86-E6D0-0C7C-3141-BC0916EC9586}.Release|Any CPU.ActiveCfg = Release|Any CPU
		{B4919D86-E6D0-0C7C-3141-BC0916EC9586}.Release|Any CPU.Build.0 = Release|Any CPU
		{7DE2305B-D653-C0D2-25C1-519708241212}.Debug|Any CPU.ActiveCfg = Debug|Any CPU
		{7DE2305B-D653-C0D2-25C1-519708241212}.Debug|Any CPU.Build.0 = Debug|Any CPU
		{7DE2305B-D653-C0D2-25C1-519708241212}.Release|Any CPU.ActiveCfg = Release|Any CPU
		{7DE2305B-D653-C0D2-25C1-519708241212}.Release|Any CPU.Build.0 = Release|Any CPU
		{02F16057-EA75-C646-1CFD-CD375E17C77D}.Debug|Any CPU.ActiveCfg = Debug|Any CPU
		{02F16057-EA75-C646-1CFD-CD375E17C77D}.Debug|Any CPU.Build.0 = Debug|Any CPU
		{02F16057-EA75-C646-1CFD-CD375E17C77D}.Release|Any CPU.ActiveCfg = Release|Any CPU
		{02F16057-EA75-C646-1CFD-CD375E17C77D}.Release|Any CPU.Build.0 = Release|Any CPU
		{3473ECE5-ADA6-BB47-14F9-593BA50F5C10}.Debug|Any CPU.ActiveCfg = Debug|Any CPU
		{3473ECE5-ADA6-BB47-14F9-593BA50F5C10}.Debug|Any CPU.Build.0 = Debug|Any CPU
		{3473ECE5-ADA6-BB47-14F9-593BA50F5C10}.Release|Any CPU.ActiveCfg = Release|Any CPU
		{3473ECE5-ADA6-BB47-14F9-593BA50F5C10}.Release|Any CPU.Build.0 = Release|Any CPU
		{AC3D412E-862D-2038-46C1-8A9F100B1DBD}.Debug|Any CPU.ActiveCfg = Debug|Any CPU
		{AC3D412E-862D-2038-46C1-8A9F100B1DBD}.Debug|Any CPU.Build.0 = Debug|Any CPU
		{AC3D412E-862D-2038-46C1-8A9F100B1DBD}.Release|Any CPU.ActiveCfg = Release|Any CPU
		{AC3D412E-862D-2038-46C1-8A9F100B1DBD}.Release|Any CPU.Build.0 = Release|Any CPU
		{39CF8BDE-5DD8-0DFC-53FA-492C8796D14E}.Debug|Any CPU.ActiveCfg = Debug|Any CPU
		{39CF8BDE-5DD8-0DFC-53FA-492C8796D14E}.Debug|Any CPU.Build.0 = Debug|Any CPU
		{39CF8BDE-5DD8-0DFC-53FA-492C8796D14E}.Release|Any CPU.ActiveCfg = Release|Any CPU
		{39CF8BDE-5DD8-0DFC-53FA-492C8796D14E}.Release|Any CPU.Build.0 = Release|Any CPU
		{43411C68-3FCF-FA8D-835E-91E4A8C894B5}.Debug|Any CPU.ActiveCfg = Debug|Any CPU
		{43411C68-3FCF-FA8D-835E-91E4A8C894B5}.Debug|Any CPU.Build.0 = Debug|Any CPU
		{43411C68-3FCF-FA8D-835E-91E4A8C894B5}.Release|Any CPU.ActiveCfg = Release|Any CPU
		{43411C68-3FCF-FA8D-835E-91E4A8C894B5}.Release|Any CPU.Build.0 = Release|Any CPU
		{38EE5ED5-FEE8-74C2-5716-8A784A23EDDE}.Debug|Any CPU.ActiveCfg = Debug|Any CPU
		{38EE5ED5-FEE8-74C2-5716-8A784A23EDDE}.Debug|Any CPU.Build.0 = Debug|Any CPU
		{38EE5ED5-FEE8-74C2-5716-8A784A23EDDE}.Release|Any CPU.ActiveCfg = Release|Any CPU
		{38EE5ED5-FEE8-74C2-5716-8A784A23EDDE}.Release|Any CPU.Build.0 = Release|Any CPU
		{E0F16569-B385-86AA-10CA-A2D4D62559EF}.Debug|Any CPU.ActiveCfg = Debug|Any CPU
		{E0F16569-B385-86AA-10CA-A2D4D62559EF}.Debug|Any CPU.Build.0 = Debug|Any CPU
		{E0F16569-B385-86AA-10CA-A2D4D62559EF}.Release|Any CPU.ActiveCfg = Release|Any CPU
		{E0F16569-B385-86AA-10CA-A2D4D62559EF}.Release|Any CPU.Build.0 = Release|Any CPU
		{B20A0A0D-AF71-7444-CB20-84CC411FA5AB}.Debug|Any CPU.ActiveCfg = Debug|Any CPU
		{B20A0A0D-AF71-7444-CB20-84CC411FA5AB}.Debug|Any CPU.Build.0 = Debug|Any CPU
		{B20A0A0D-AF71-7444-CB20-84CC411FA5AB}.Release|Any CPU.ActiveCfg = Release|Any CPU
		{B20A0A0D-AF71-7444-CB20-84CC411FA5AB}.Release|Any CPU.Build.0 = Release|Any CPU
		{2285A35D-9318-86D8-EFAC-5179F3FFAC08}.Debug|Any CPU.ActiveCfg = Debug|Any CPU
		{2285A35D-9318-86D8-EFAC-5179F3FFAC08}.Debug|Any CPU.Build.0 = Debug|Any CPU
		{2285A35D-9318-86D8-EFAC-5179F3FFAC08}.Release|Any CPU.ActiveCfg = Release|Any CPU
		{2285A35D-9318-86D8-EFAC-5179F3FFAC08}.Release|Any CPU.Build.0 = Release|Any CPU
		{BFA968D2-D957-FC03-815A-FF882F55C63E}.Debug|Any CPU.ActiveCfg = Debug|Any CPU
		{BFA968D2-D957-FC03-815A-FF882F55C63E}.Debug|Any CPU.Build.0 = Debug|Any CPU
		{BFA968D2-D957-FC03-815A-FF882F55C63E}.Release|Any CPU.ActiveCfg = Release|Any CPU
		{BFA968D2-D957-FC03-815A-FF882F55C63E}.Release|Any CPU.Build.0 = Release|Any CPU
		{2F650A6A-0EA4-0541-2F4A-9712F794F126}.Debug|Any CPU.ActiveCfg = Debug|Any CPU
		{2F650A6A-0EA4-0541-2F4A-9712F794F126}.Debug|Any CPU.Build.0 = Debug|Any CPU
		{2F650A6A-0EA4-0541-2F4A-9712F794F126}.Release|Any CPU.ActiveCfg = Release|Any CPU
		{2F650A6A-0EA4-0541-2F4A-9712F794F126}.Release|Any CPU.Build.0 = Release|Any CPU
		{52A6FF02-98C5-7451-BC13-63CEB615D007}.Debug|Any CPU.ActiveCfg = Debug|Any CPU
		{52A6FF02-98C5-7451-BC13-63CEB615D007}.Debug|Any CPU.Build.0 = Debug|Any CPU
		{52A6FF02-98C5-7451-BC13-63CEB615D007}.Release|Any CPU.ActiveCfg = Release|Any CPU
		{52A6FF02-98C5-7451-BC13-63CEB615D007}.Release|Any CPU.Build.0 = Release|Any CPU
		{DC0EDDE3-FBF4-2E90-EBB5-8A9382D1CEF0}.Debug|Any CPU.ActiveCfg = Debug|Any CPU
		{DC0EDDE3-FBF4-2E90-EBB5-8A9382D1CEF0}.Debug|Any CPU.Build.0 = Debug|Any CPU
		{DC0EDDE3-FBF4-2E90-EBB5-8A9382D1CEF0}.Release|Any CPU.ActiveCfg = Release|Any CPU
		{DC0EDDE3-FBF4-2E90-EBB5-8A9382D1CEF0}.Release|Any CPU.Build.0 = Release|Any CPU
		{4E2E336C-EF42-AD1D-0129-338AB7734DF1}.Debug|Any CPU.ActiveCfg = Debug|Any CPU
		{4E2E336C-EF42-AD1D-0129-338AB7734DF1}.Debug|Any CPU.Build.0 = Debug|Any CPU
		{4E2E336C-EF42-AD1D-0129-338AB7734DF1}.Release|Any CPU.ActiveCfg = Release|Any CPU
		{4E2E336C-EF42-AD1D-0129-338AB7734DF1}.Release|Any CPU.Build.0 = Release|Any CPU
		{89A83DE4-C3E4-9508-09D2-05A96A41821C}.Debug|Any CPU.ActiveCfg = Debug|Any CPU
		{89A83DE4-C3E4-9508-09D2-05A96A41821C}.Debug|Any CPU.Build.0 = Debug|Any CPU
		{89A83DE4-C3E4-9508-09D2-05A96A41821C}.Release|Any CPU.ActiveCfg = Release|Any CPU
		{89A83DE4-C3E4-9508-09D2-05A96A41821C}.Release|Any CPU.Build.0 = Release|Any CPU
		{E33243DD-98BB-A683-FADA-91006220F9DE}.Debug|Any CPU.ActiveCfg = Debug|Any CPU
		{E33243DD-98BB-A683-FADA-91006220F9DE}.Debug|Any CPU.Build.0 = Debug|Any CPU
		{E33243DD-98BB-A683-FADA-91006220F9DE}.Release|Any CPU.ActiveCfg = Release|Any CPU
		{E33243DD-98BB-A683-FADA-91006220F9DE}.Release|Any CPU.Build.0 = Release|Any CPU
		{31C78FE5-B549-3EDB-7276-7FA062ED33FA}.Debug|Any CPU.ActiveCfg = Debug|Any CPU
		{31C78FE5-B549-3EDB-7276-7FA062ED33FA}.Debug|Any CPU.Build.0 = Debug|Any CPU
		{31C78FE5-B549-3EDB-7276-7FA062ED33FA}.Release|Any CPU.ActiveCfg = Release|Any CPU
		{31C78FE5-B549-3EDB-7276-7FA062ED33FA}.Release|Any CPU.Build.0 = Release|Any CPU
		{89B1DB87-1B85-6A38-6BDC-E0F37D1A3D99}.Debug|Any CPU.ActiveCfg = Debug|Any CPU
		{89B1DB87-1B85-6A38-6BDC-E0F37D1A3D99}.Debug|Any CPU.Build.0 = Debug|Any CPU
		{89B1DB87-1B85-6A38-6BDC-E0F37D1A3D99}.Release|Any CPU.ActiveCfg = Release|Any CPU
		{89B1DB87-1B85-6A38-6BDC-E0F37D1A3D99}.Release|Any CPU.Build.0 = Release|Any CPU
		{3091A2BA-5F26-B2F3-0C46-3A39E563776A}.Debug|Any CPU.ActiveCfg = Debug|Any CPU
		{3091A2BA-5F26-B2F3-0C46-3A39E563776A}.Debug|Any CPU.Build.0 = Debug|Any CPU
		{3091A2BA-5F26-B2F3-0C46-3A39E563776A}.Release|Any CPU.ActiveCfg = Release|Any CPU
		{3091A2BA-5F26-B2F3-0C46-3A39E563776A}.Release|Any CPU.Build.0 = Release|Any CPU
		{115D7A5A-BF72-C221-06B3-4D2ADA97EBA7}.Debug|Any CPU.ActiveCfg = Debug|Any CPU
		{115D7A5A-BF72-C221-06B3-4D2ADA97EBA7}.Debug|Any CPU.Build.0 = Debug|Any CPU
		{115D7A5A-BF72-C221-06B3-4D2ADA97EBA7}.Release|Any CPU.ActiveCfg = Release|Any CPU
		{115D7A5A-BF72-C221-06B3-4D2ADA97EBA7}.Release|Any CPU.Build.0 = Release|Any CPU
		{2AC49168-79DE-9AA9-AB5B-F035F0F3DBBE}.Debug|Any CPU.ActiveCfg = Debug|Any CPU
		{2AC49168-79DE-9AA9-AB5B-F035F0F3DBBE}.Debug|Any CPU.Build.0 = Debug|Any CPU
		{2AC49168-79DE-9AA9-AB5B-F035F0F3DBBE}.Release|Any CPU.ActiveCfg = Release|Any CPU
		{2AC49168-79DE-9AA9-AB5B-F035F0F3DBBE}.Release|Any CPU.Build.0 = Release|Any CPU
		{C6417091-A389-3C3E-2E9A-C2BF7D89684D}.Debug|Any CPU.ActiveCfg = Debug|Any CPU
		{C6417091-A389-3C3E-2E9A-C2BF7D89684D}.Debug|Any CPU.Build.0 = Debug|Any CPU
		{C6417091-A389-3C3E-2E9A-C2BF7D89684D}.Release|Any CPU.ActiveCfg = Release|Any CPU
		{C6417091-A389-3C3E-2E9A-C2BF7D89684D}.Release|Any CPU.Build.0 = Release|Any CPU
		{D57A2F9E-5A4B-E87A-908B-6CAB3004A36F}.Debug|Any CPU.ActiveCfg = Debug|Any CPU
		{D57A2F9E-5A4B-E87A-908B-6CAB3004A36F}.Debug|Any CPU.Build.0 = Debug|Any CPU
		{D57A2F9E-5A4B-E87A-908B-6CAB3004A36F}.Release|Any CPU.ActiveCfg = Release|Any CPU
		{D57A2F9E-5A4B-E87A-908B-6CAB3004A36F}.Release|Any CPU.Build.0 = Release|Any CPU
		{62F95CAA-97AE-4E01-FF1B-7420448159DD}.Debug|Any CPU.ActiveCfg = Debug|Any CPU
		{62F95CAA-97AE-4E01-FF1B-7420448159DD}.Debug|Any CPU.Build.0 = Debug|Any CPU
		{62F95CAA-97AE-4E01-FF1B-7420448159DD}.Release|Any CPU.ActiveCfg = Release|Any CPU
		{62F95CAA-97AE-4E01-FF1B-7420448159DD}.Release|Any CPU.Build.0 = Release|Any CPU
		{53807B93-A49F-D1FF-42F9-262ABB163DBD}.Debug|Any CPU.ActiveCfg = Debug|Any CPU
		{53807B93-A49F-D1FF-42F9-262ABB163DBD}.Debug|Any CPU.Build.0 = Debug|Any CPU
		{53807B93-A49F-D1FF-42F9-262ABB163DBD}.Release|Any CPU.ActiveCfg = Release|Any CPU
		{53807B93-A49F-D1FF-42F9-262ABB163DBD}.Release|Any CPU.Build.0 = Release|Any CPU
		{E4C5D531-4243-A9D8-E98A-CE4036AAB0E1}.Debug|Any CPU.ActiveCfg = Debug|Any CPU
		{E4C5D531-4243-A9D8-E98A-CE4036AAB0E1}.Debug|Any CPU.Build.0 = Debug|Any CPU
		{E4C5D531-4243-A9D8-E98A-CE4036AAB0E1}.Release|Any CPU.ActiveCfg = Release|Any CPU
		{E4C5D531-4243-A9D8-E98A-CE4036AAB0E1}.Release|Any CPU.Build.0 = Release|Any CPU
		{87475701-5DD4-2D26-E88E-97712E3DECFC}.Debug|Any CPU.ActiveCfg = Debug|Any CPU
		{87475701-5DD4-2D26-E88E-97712E3DECFC}.Debug|Any CPU.Build.0 = Debug|Any CPU
		{87475701-5DD4-2D26-E88E-97712E3DECFC}.Release|Any CPU.ActiveCfg = Release|Any CPU
		{87475701-5DD4-2D26-E88E-97712E3DECFC}.Release|Any CPU.Build.0 = Release|Any CPU
		{B8D6E709-994E-44E2-CE79-C556D36FF4D7}.Debug|Any CPU.ActiveCfg = Debug|Any CPU
		{B8D6E709-994E-44E2-CE79-C556D36FF4D7}.Debug|Any CPU.Build.0 = Debug|Any CPU
		{B8D6E709-994E-44E2-CE79-C556D36FF4D7}.Release|Any CPU.ActiveCfg = Release|Any CPU
		{B8D6E709-994E-44E2-CE79-C556D36FF4D7}.Release|Any CPU.Build.0 = Release|Any CPU
		{4BCE55FD-2A5A-F5BC-B181-4587ADD3098D}.Debug|Any CPU.ActiveCfg = Debug|Any CPU
		{4BCE55FD-2A5A-F5BC-B181-4587ADD3098D}.Debug|Any CPU.Build.0 = Debug|Any CPU
		{4BCE55FD-2A5A-F5BC-B181-4587ADD3098D}.Release|Any CPU.ActiveCfg = Release|Any CPU
		{4BCE55FD-2A5A-F5BC-B181-4587ADD3098D}.Release|Any CPU.Build.0 = Release|Any CPU
		{6E2561A6-A9A0-8B76-749F-D9DB18D15A3F}.Debug|Any CPU.ActiveCfg = Debug|Any CPU
		{6E2561A6-A9A0-8B76-749F-D9DB18D15A3F}.Debug|Any CPU.Build.0 = Debug|Any CPU
		{6E2561A6-A9A0-8B76-749F-D9DB18D15A3F}.Release|Any CPU.ActiveCfg = Release|Any CPU
		{6E2561A6-A9A0-8B76-749F-D9DB18D15A3F}.Release|Any CPU.Build.0 = Release|Any CPU
		{B2A849FA-2754-9B1F-951B-CCF896842722}.Debug|Any CPU.ActiveCfg = Debug|Any CPU
		{B2A849FA-2754-9B1F-951B-CCF896842722}.Debug|Any CPU.Build.0 = Debug|Any CPU
		{B2A849FA-2754-9B1F-951B-CCF896842722}.Release|Any CPU.ActiveCfg = Release|Any CPU
		{B2A849FA-2754-9B1F-951B-CCF896842722}.Release|Any CPU.Build.0 = Release|Any CPU
	EndGlobalSection
	GlobalSection(NestedProjects) = preSolution
		{8F64A3D5-E29C-DCB1-BB30-051B3C94DC28} = {427DB63A-DE9F-4729-200B-9F09D838A0E0}
		{B28847E2-941C-95AD-C7E3-EB112C160D28} = {F3F3B2F3-6894-7B89-2837-28958321D26E}
		{77856302-3C06-715E-1207-8ADFB4319507} = {F3F3B2F3-6894-7B89-2837-28958321D26E}
		{E09CBC32-BCD0-FAEA-7566-07187DE8F56E} = {F3F3B2F3-6894-7B89-2837-28958321D26E}
		{83A54314-66FF-BEB0-B43C-AECB622A3FBE} = {F3F3B2F3-6894-7B89-2837-28958321D26E}
		{F341A40B-E691-3C3F-1D8B-F69A89FC2034} = {F3F3B2F3-6894-7B89-2837-28958321D26E}
		{F5CA958D-5D27-E0BC-9F15-689A84C85C30} = {F3F3B2F3-6894-7B89-2837-28958321D26E}
		{D94338C6-2FCB-8D23-8E04-B810C49A68AB} = {F3F3B2F3-6894-7B89-2837-28958321D26E}
		{B9972DA2-474C-E8BE-C101-50E6ECA382FE} = {F3F3B2F3-6894-7B89-2837-28958321D26E}
		{655162E2-D195-3706-58EF-E96CFFF0905B} = {F3F3B2F3-6894-7B89-2837-28958321D26E}
		{D91A3C86-6107-8CB0-F92E-A1628064B1D0} = {F3F3B2F3-6894-7B89-2837-28958321D26E}
		{B41FE303-85FB-2473-5166-D1A3463B88F3} = {F3F3B2F3-6894-7B89-2837-28958321D26E}
		{861C6A54-7642-BAC5-98F3-231158C28DD1} = {F3F3B2F3-6894-7B89-2837-28958321D26E}
		{B6BEFF13-3DDF-87D9-C875-312EA5AA33DB} = {F3F3B2F3-6894-7B89-2837-28958321D26E}
		{425900A0-6CD3-247A-4E4A-A9F72E13C459} = {F3F3B2F3-6894-7B89-2837-28958321D26E}
		{53082AFD-6BB4-1E20-3885-E06E1D372D96} = {F3F3B2F3-6894-7B89-2837-28958321D26E}
		{03D2230D-8E96-BF32-3797-9EB2D1EA072F} = {F3F3B2F3-6894-7B89-2837-28958321D26E}
		{7B63C040-FFB9-6B21-083D-C1421D41EEF9} = {F3F3B2F3-6894-7B89-2837-28958321D26E}
		{5798703C-3EAD-6D3B-6B6B-4245F104D468} = {0FCE66A8-8235-F72D-3039-D73779CB998D}
		{280328D7-E9FC-659F-FE48-25CEF12E757E} = {997A92DC-0544-06E6-688C-4D1D9681F12C}
		{BB9C03A7-E947-1BFE-7258-A8BB1AF6DB7D} = {997A92DC-0544-06E6-688C-4D1D9681F12C}
		{F31BCE19-FD4A-4F5A-C520-B0C02333373C} = {997A92DC-0544-06E6-688C-4D1D9681F12C}
		{B4919D86-E6D0-0C7C-3141-BC0916EC9586} = {997A92DC-0544-06E6-688C-4D1D9681F12C}
		{7DE2305B-D653-C0D2-25C1-519708241212} = {997A92DC-0544-06E6-688C-4D1D9681F12C}
		{02F16057-EA75-C646-1CFD-CD375E17C77D} = {997A92DC-0544-06E6-688C-4D1D9681F12C}
		{3473ECE5-ADA6-BB47-14F9-593BA50F5C10} = {997A92DC-0544-06E6-688C-4D1D9681F12C}
		{AC3D412E-862D-2038-46C1-8A9F100B1DBD} = {997A92DC-0544-06E6-688C-4D1D9681F12C}
		{39CF8BDE-5DD8-0DFC-53FA-492C8796D14E} = {997A92DC-0544-06E6-688C-4D1D9681F12C}
		{43411C68-3FCF-FA8D-835E-91E4A8C894B5} = {997A92DC-0544-06E6-688C-4D1D9681F12C}
		{38EE5ED5-FEE8-74C2-5716-8A784A23EDDE} = {997A92DC-0544-06E6-688C-4D1D9681F12C}
		{E0F16569-B385-86AA-10CA-A2D4D62559EF} = {997A92DC-0544-06E6-688C-4D1D9681F12C}
		{B20A0A0D-AF71-7444-CB20-84CC411FA5AB} = {997A92DC-0544-06E6-688C-4D1D9681F12C}
		{2285A35D-9318-86D8-EFAC-5179F3FFAC08} = {997A92DC-0544-06E6-688C-4D1D9681F12C}
		{BFA968D2-D957-FC03-815A-FF882F55C63E} = {997A92DC-0544-06E6-688C-4D1D9681F12C}
		{2F650A6A-0EA4-0541-2F4A-9712F794F126} = {997A92DC-0544-06E6-688C-4D1D9681F12C}
		{52A6FF02-98C5-7451-BC13-63CEB615D007} = {997A92DC-0544-06E6-688C-4D1D9681F12C}
		{DC0EDDE3-FBF4-2E90-EBB5-8A9382D1CEF0} = {997A92DC-0544-06E6-688C-4D1D9681F12C}
		{4E2E336C-EF42-AD1D-0129-338AB7734DF1} = {997A92DC-0544-06E6-688C-4D1D9681F12C}
		{89A83DE4-C3E4-9508-09D2-05A96A41821C} = {997A92DC-0544-06E6-688C-4D1D9681F12C}
		{E33243DD-98BB-A683-FADA-91006220F9DE} = {997A92DC-0544-06E6-688C-4D1D9681F12C}
		{31C78FE5-B549-3EDB-7276-7FA062ED33FA} = {997A92DC-0544-06E6-688C-4D1D9681F12C}
		{89B1DB87-1B85-6A38-6BDC-E0F37D1A3D99} = {997A92DC-0544-06E6-688C-4D1D9681F12C}
		{3091A2BA-5F26-B2F3-0C46-3A39E563776A} = {997A92DC-0544-06E6-688C-4D1D9681F12C}
		{115D7A5A-BF72-C221-06B3-4D2ADA97EBA7} = {997A92DC-0544-06E6-688C-4D1D9681F12C}
		{2AC49168-79DE-9AA9-AB5B-F035F0F3DBBE} = {997A92DC-0544-06E6-688C-4D1D9681F12C}
		{C6417091-A389-3C3E-2E9A-C2BF7D89684D} = {997A92DC-0544-06E6-688C-4D1D9681F12C}
		{D57A2F9E-5A4B-E87A-908B-6CAB3004A36F} = {997A92DC-0544-06E6-688C-4D1D9681F12C}
		{62F95CAA-97AE-4E01-FF1B-7420448159DD} = {997A92DC-0544-06E6-688C-4D1D9681F12C}
		{53807B93-A49F-D1FF-42F9-262ABB163DBD} = {997A92DC-0544-06E6-688C-4D1D9681F12C}
		{E4C5D531-4243-A9D8-E98A-CE4036AAB0E1} = {997A92DC-0544-06E6-688C-4D1D9681F12C}
		{87475701-5DD4-2D26-E88E-97712E3DECFC} = {997A92DC-0544-06E6-688C-4D1D9681F12C}
		{B8D6E709-994E-44E2-CE79-C556D36FF4D7} = {997A92DC-0544-06E6-688C-4D1D9681F12C}
		{4BCE55FD-2A5A-F5BC-B181-4587ADD3098D} = {15FFA8E7-DF0B-7AE9-1E07-2369D69EEB9B}
		{6E2561A6-A9A0-8B76-749F-D9DB18D15A3F} = {15FFA8E7-DF0B-7AE9-1E07-2369D69EEB9B}
		{B2A849FA-2754-9B1F-951B-CCF896842722} = {896E8CC0-2483-6EB0-203E-E8AEE0B21B86}
	EndGlobalSection
EndGlobal
