
Microsoft Visual Studio Solution File, Format Version 12.00
# Visual Studio 15
VisualStudioVersion = 15.0.26730.16
MinimumVisualStudioVersion = 10.0.40219.1
Project("{FAE04EC0-301F-11D3-BF4B-00C04F79EFBC}") = "DeeplTranslate", "DeeplTranslate.csproj", "{40433432-EA5C-42CE-B2C8-79DD2EC17162}"
EndProject
Global
	GlobalSection(SolutionConfigurationPlatforms) = preSolution
		Debug|Any CPU = Debug|Any CPU
		Release|Any CPU = Release|Any CPU
	EndGlobalSection
	GlobalSection(ProjectConfigurationPlatforms) = postSolution
		{40433432-EA5C-42CE-B2C8-79DD2EC17162}.Debug|Any CPU.ActiveCfg = Debug|Any CPU
		{40433432-EA5C-42CE-B2C8-79DD2EC17162}.Debug|Any CPU.Build.0 = Debug|Any CPU
		{40433432-EA5C-42CE-B2C8-79DD2EC17162}.Release|Any CPU.ActiveCfg = Release|Any CPU
		{40433432-EA5C-42CE-B2C8-79DD2EC17162}.Release|Any CPU.Build.0 = Release|Any CPU
	EndGlobalSection
	GlobalSection(SolutionProperties) = preSolution
		HideSolutionNode = FALSE
	EndGlobalSection
	GlobalSection(ExtensibilityGlobals) = postSolution
		SolutionGuid = {B3933DDF-9BFE-4C00-B866-F86DD5365D05}
	EndGlobalSection
EndGlobal
